// !$*UTF8*$!
{
	archiveVersion = 1;
	classes = {
	};
	objectVersion = 48;
	objects = {

/* Begin PBXBuildFile section */
		EAAA86EB2038BBE500589078 /* AppDelegate.swift in Sources */ = {isa = PBXBuildFile; fileRef = EAAA86EA2038BBE500589078 /* AppDelegate.swift */; };
		EAAA86ED2038BBE500589078 /* ViewController.swift in Sources */ = {isa = PBXBuildFile; fileRef = EAAA86EC2038BBE500589078 /* ViewController.swift */; };
		EAAA86F02038BBE500589078 /* Main.storyboard in Resources */ = {isa = PBXBuildFile; fileRef = EAAA86EE2038BBE500589078 /* Main.storyboard */; };
		EAAA86F22038BBE500589078 /* Assets.xcassets in Resources */ = {isa = PBXBuildFile; fileRef = EAAA86F12038BBE500589078 /* Assets.xcassets */; };
		EAAA86F52038BBE500589078 /* LaunchScreen.storyboard in Resources */ = {isa = PBXBuildFile; fileRef = EAAA86F32038BBE500589078 /* LaunchScreen.storyboard */; };
		EAAA87002038BBE600589078 /* QuizTests.swift in Sources */ = {isa = PBXBuildFile; fileRef = EAAA86FF2038BBE600589078 /* QuizTests.swift */; };
		EAAA870B2038BBE600589078 /* QuizUITests.swift in Sources */ = {isa = PBXBuildFile; fileRef = EAAA870A2038BBE600589078 /* QuizUITests.swift */; };
/* End PBXBuildFile section */

/* Begin PBXContainerItemProxy section */
		EAAA86FC2038BBE600589078 /* PBXContainerItemProxy */ = {
			isa = PBXContainerItemProxy;
			containerPortal = EAAA86DF2038BBE500589078 /* Project object */;
			proxyType = 1;
			remoteGlobalIDString = EAAA86E62038BBE500589078;
			remoteInfo = Quiz;
		};
		EAAA87072038BBE600589078 /* PBXContainerItemProxy */ = {
			isa = PBXContainerItemProxy;
			containerPortal = EAAA86DF2038BBE500589078 /* Project object */;
			proxyType = 1;
			remoteGlobalIDString = EAAA86E62038BBE500589078;
			remoteInfo = Quiz;
		};
/* End PBXContainerItemProxy section */

/* Begin PBXFileReference section */
		EAAA86E72038BBE500589078 /* Quiz.app */ = {isa = PBXFileReference; explicitFileType = wrapper.application; includeInIndex = 0; path = Quiz.app; sourceTree = BUILT_PRODUCTS_DIR; };
		EAAA86EA2038BBE500589078 /* AppDelegate.swift */ = {isa = PBXFileReference; lastKnownFileType = sourcecode.swift; path = AppDelegate.swift; sourceTree = "<group>"; };
		EAAA86EC2038BBE500589078 /* ViewController.swift */ = {isa = PBXFileReference; lastKnownFileType = sourcecode.swift; path = ViewController.swift; sourceTree = "<group>"; };
		EAAA86EF2038BBE500589078 /* Base */ = {isa = PBXFileReference; lastKnownFileType = file.storyboard; name = Base; path = Base.lproj/Main.storyboard; sourceTree = "<group>"; };
		EAAA86F12038BBE500589078 /* Assets.xcassets */ = {isa = PBXFileReference; lastKnownFileType = folder.assetcatalog; path = Assets.xcassets; sourceTree = "<group>"; };
		EAAA86F42038BBE500589078 /* Base */ = {isa = PBXFileReference; lastKnownFileType = file.storyboard; name = Base; path = Base.lproj/LaunchScreen.storyboard; sourceTree = "<group>"; };
		EAAA86F62038BBE500589078 /* Info.plist */ = {isa = PBXFileReference; lastKnownFileType = text.plist.xml; path = Info.plist; sourceTree = "<group>"; };
		EAAA86FB2038BBE600589078 /* QuizTests.xctest */ = {isa = PBXFileReference; explicitFileType = wrapper.cfbundle; includeInIndex = 0; path = QuizTests.xctest; sourceTree = BUILT_PRODUCTS_DIR; };
		EAAA86FF2038BBE600589078 /* QuizTests.swift */ = {isa = PBXFileReference; lastKnownFileType = sourcecode.swift; path = QuizTests.swift; sourceTree = "<group>"; };
		EAAA87012038BBE600589078 /* Info.plist */ = {isa = PBXFileReference; lastKnownFileType = text.plist.xml; path = Info.plist; sourceTree = "<group>"; };
		EAAA87062038BBE600589078 /* QuizUITests.xctest */ = {isa = PBXFileReference; explicitFileType = wrapper.cfbundle; includeInIndex = 0; path = QuizUITests.xctest; sourceTree = BUILT_PRODUCTS_DIR; };
		EAAA870A2038BBE600589078 /* QuizUITests.swift */ = {isa = PBXFileReference; lastKnownFileType = sourcecode.swift; path = QuizUITests.swift; sourceTree = "<group>"; };
		EAAA870C2038BBE600589078 /* Info.plist */ = {isa = PBXFileReference; lastKnownFileType = text.plist.xml; path = Info.plist; sourceTree = "<group>"; };
/* End PBXFileReference section */

/* Begin PBXFrameworksBuildPhase section */
		EAAA86E42038BBE500589078 /* Frameworks */ = {
			isa = PBXFrameworksBuildPhase;
			buildActionMask = 2147483647;
			files = (
			);
			runOnlyForDeploymentPostprocessing = 0;
		};
		EAAA86F82038BBE600589078 /* Frameworks */ = {
			isa = PBXFrameworksBuildPhase;
			buildActionMask = 2147483647;
			files = (
			);
			runOnlyForDeploymentPostprocessing = 0;
		};
		EAAA87032038BBE600589078 /* Frameworks */ = {
			isa = PBXFrameworksBuildPhase;
			buildActionMask = 2147483647;
			files = (
			);
			runOnlyForDeploymentPostprocessing = 0;
		};
/* End PBXFrameworksBuildPhase section */

/* Begin PBXGroup section */
		EAAA86DE2038BBE500589078 = {
			isa = PBXGroup;
			children = (
				EAAA86E92038BBE500589078 /* Quiz */,
				EAAA86FE2038BBE600589078 /* QuizTests */,
				EAAA87092038BBE600589078 /* QuizUITests */,
				EAAA86E82038BBE500589078 /* Products */,
			);
			sourceTree = "<group>";
		};
		EAAA86E82038BBE500589078 /* Products */ = {
			isa = PBXGroup;
			children = (
				EAAA86E72038BBE500589078 /* Quiz.app */,
				EAAA86FB2038BBE600589078 /* QuizTests.xctest */,
				EAAA87062038BBE600589078 /* QuizUITests.xctest */,
			);
			name = Products;
			sourceTree = "<group>";
		};
		EAAA86E92038BBE500589078 /* Quiz */ = {
			isa = PBXGroup;
			children = (
				EAAA86EA2038BBE500589078 /* AppDelegate.swift */,
				EAAA86EC2038BBE500589078 /* ViewController.swift */,
				EAAA86EE2038BBE500589078 /* Main.storyboard */,
				EAAA86F12038BBE500589078 /* Assets.xcassets */,
				EAAA86F32038BBE500589078 /* LaunchScreen.storyboard */,
				EAAA86F62038BBE500589078 /* Info.plist */,
			);
			path = Quiz;
			sourceTree = "<group>";
		};
		EAAA86FE2038BBE600589078 /* QuizTests */ = {
			isa = PBXGroup;
			children = (
				EAAA86FF2038BBE600589078 /* QuizTests.swift */,
				EAAA87012038BBE600589078 /* Info.plist */,
			);
			path = QuizTests;
			sourceTree = "<group>";
		};
		EAAA87092038BBE600589078 /* QuizUITests */ = {
			isa = PBXGroup;
			children = (
				EAAA870A2038BBE600589078 /* QuizUITests.swift */,
				EAAA870C2038BBE600589078 /* Info.plist */,
			);
			path = QuizUITests;
			sourceTree = "<group>";
		};
/* End PBXGroup section */

/* Begin PBXNativeTarget section */
		EAAA86E62038BBE500589078 /* Quiz */ = {
			isa = PBXNativeTarget;
			buildConfigurationList = EAAA870F2038BBE600589078 /* Build configuration list for PBXNativeTarget "Quiz" */;
			buildPhases = (
				EAAA86E32038BBE500589078 /* Sources */,
				EAAA86E42038BBE500589078 /* Frameworks */,
				EAAA86E52038BBE500589078 /* Resources */,
			);
			buildRules = (
			);
			dependencies = (
			);
			name = Quiz;
			productName = Quiz;
			productReference = EAAA86E72038BBE500589078 /* Quiz.app */;
			productType = "com.apple.product-type.application";
		};
		EAAA86FA2038BBE600589078 /* QuizTests */ = {
			isa = PBXNativeTarget;
			buildConfigurationList = EAAA87122038BBE600589078 /* Build configuration list for PBXNativeTarget "QuizTests" */;
			buildPhases = (
				EAAA86F72038BBE600589078 /* Sources */,
				EAAA86F82038BBE600589078 /* Frameworks */,
				EAAA86F92038BBE600589078 /* Resources */,
			);
			buildRules = (
			);
			dependencies = (
				EAAA86FD2038BBE600589078 /* PBXTargetDependency */,
			);
			name = QuizTests;
			productName = QuizTests;
			productReference = EAAA86FB2038BBE600589078 /* QuizTests.xctest */;
			productType = "com.apple.product-type.bundle.unit-test";
		};
		EAAA87052038BBE600589078 /* QuizUITests */ = {
			isa = PBXNativeTarget;
			buildConfigurationList = EAAA87152038BBE600589078 /* Build configuration list for PBXNativeTarget "QuizUITests" */;
			buildPhases = (
				EAAA87022038BBE600589078 /* Sources */,
				EAAA87032038BBE600589078 /* Frameworks */,
				EAAA87042038BBE600589078 /* Resources */,
			);
			buildRules = (
			);
			dependencies = (
				EAAA87082038BBE600589078 /* PBXTargetDependency */,
			);
			name = QuizUITests;
			productName = QuizUITests;
			productReference = EAAA87062038BBE600589078 /* QuizUITests.xctest */;
			productType = "com.apple.product-type.bundle.ui-testing";
		};
/* End PBXNativeTarget section */

/* Begin PBXProject section */
		EAAA86DF2038BBE500589078 /* Project object */ = {
			isa = PBXProject;
			attributes = {
				LastSwiftUpdateCheck = 0920;
				LastUpgradeCheck = 0920;
				ORGANIZATIONNAME = Margaro;
				TargetAttributes = {
					EAAA86E62038BBE500589078 = {
						CreatedOnToolsVersion = 9.2;
						ProvisioningStyle = Automatic;
					};
					EAAA86FA2038BBE600589078 = {
						CreatedOnToolsVersion = 9.2;
						ProvisioningStyle = Automatic;
						TestTargetID = EAAA86E62038BBE500589078;
					};
					EAAA87052038BBE600589078 = {
						CreatedOnToolsVersion = 9.2;
						ProvisioningStyle = Automatic;
						TestTargetID = EAAA86E62038BBE500589078;
					};
				};
			};
			buildConfigurationList = EAAA86E22038BBE500589078 /* Build configuration list for PBXProject "Quiz" */;
			compatibilityVersion = "Xcode 8.0";
			developmentRegion = en;
			hasScannedForEncodings = 0;
			knownRegions = (
				en,
				Base,
			);
			mainGroup = EAAA86DE2038BBE500589078;
			productRefGroup = EAAA86E82038BBE500589078 /* Products */;
			projectDirPath = "";
			projectRoot = "";
			targets = (
				EAAA86E62038BBE500589078 /* Quiz */,
				EAAA86FA2038BBE600589078 /* QuizTests */,
				EAAA87052038BBE600589078 /* QuizUITests */,
			);
		};
/* End PBXProject section */

/* Begin PBXResourcesBuildPhase section */
		EAAA86E52038BBE500589078 /* Resources */ = {
			isa = PBXResourcesBuildPhase;
			buildActionMask = 2147483647;
			files = (
				EAAA86F52038BBE500589078 /* LaunchScreen.storyboard in Resources */,
				EAAA86F22038BBE500589078 /* Assets.xcassets in Resources */,
				EAAA86F02038BBE500589078 /* Main.storyboard in Resources */,
			);
			runOnlyForDeploymentPostprocessing = 0;
		};
		EAAA86F92038BBE600589078 /* Resources */ = {
			isa = PBXResourcesBuildPhase;
			buildActionMask = 2147483647;
			files = (
			);
			runOnlyForDeploymentPostprocessing = 0;
		};
		EAAA87042038BBE600589078 /* Resources */ = {
			isa = PBXResourcesBuildPhase;
			buildActionMask = 2147483647;
			files = (
			);
			runOnlyForDeploymentPostprocessing = 0;
		};
/* End PBXResourcesBuildPhase section */

/* Begin PBXSourcesBuildPhase section */
		EAAA86E32038BBE500589078 /* Sources */ = {
			isa = PBXSourcesBuildPhase;
			buildActionMask = 2147483647;
			files = (
				EAAA86ED2038BBE500589078 /* ViewController.swift in Sources */,
				EAAA86EB2038BBE500589078 /* AppDelegate.swift in Sources */,
			);
			runOnlyForDeploymentPostprocessing = 0;
		};
		EAAA86F72038BBE600589078 /* Sources */ = {
			isa = PBXSourcesBuildPhase;
			buildActionMask = 2147483647;
			files = (
				EAAA87002038BBE600589078 /* QuizTests.swift in Sources */,
			);
			runOnlyForDeploymentPostprocessing = 0;
		};
		EAAA87022038BBE600589078 /* Sources */ = {
			isa = PBXSourcesBuildPhase;
			buildActionMask = 2147483647;
			files = (
				EAAA870B2038BBE600589078 /* QuizUITests.swift in Sources */,
			);
			runOnlyForDeploymentPostprocessing = 0;
		};
/* End PBXSourcesBuildPhase section */

/* Begin PBXTargetDependency section */
		EAAA86FD2038BBE600589078 /* PBXTargetDependency */ = {
			isa = PBXTargetDependency;
			target = EAAA86E62038BBE500589078 /* Quiz */;
			targetProxy = EAAA86FC2038BBE600589078 /* PBXContainerItemProxy */;
		};
		EAAA87082038BBE600589078 /* PBXTargetDependency */ = {
			isa = PBXTargetDependency;
			target = EAAA86E62038BBE500589078 /* Quiz */;
			targetProxy = EAAA87072038BBE600589078 /* PBXContainerItemProxy */;
		};
/* End PBXTargetDependency section */

/* Begin PBXVariantGroup section */
		EAAA86EE2038BBE500589078 /* Main.storyboard */ = {
			isa = PBXVariantGroup;
			children = (
				EAAA86EF2038BBE500589078 /* Base */,
			);
			name = Main.storyboard;
			sourceTree = "<group>";
		};
		EAAA86F32038BBE500589078 /* LaunchScreen.storyboard */ = {
			isa = PBXVariantGroup;
			children = (
				EAAA86F42038BBE500589078 /* Base */,
			);
			name = LaunchScreen.storyboard;
			sourceTree = "<group>";
		};
/* End PBXVariantGroup section */

/* Begin XCBuildConfiguration section */
		EAAA870D2038BBE600589078 /* Debug */ = {
			isa = XCBuildConfiguration;
			buildSettings = {
				ALWAYS_SEARCH_USER_PATHS = NO;
				CLANG_ANALYZER_NONNULL = YES;
				CLANG_ANALYZER_NUMBER_OBJECT_CONVERSION = YES_AGGRESSIVE;
				CLANG_CXX_LANGUAGE_STANDARD = "gnu++14";
				CLANG_CXX_LIBRARY = "libc++";
				CLANG_ENABLE_MODULES = YES;
				CLANG_ENABLE_OBJC_ARC = YES;
				CLANG_WARN_BLOCK_CAPTURE_AUTORELEASING = YES;
				CLANG_WARN_BOOL_CONVERSION = YES;
				CLANG_WARN_COMMA = YES;
				CLANG_WARN_CONSTANT_CONVERSION = YES;
				CLANG_WARN_DIRECT_OBJC_ISA_USAGE = YES_ERROR;
				CLANG_WARN_DOCUMENTATION_COMMENTS = YES;
				CLANG_WARN_EMPTY_BODY = YES;
				CLANG_WARN_ENUM_CONVERSION = YES;
				CLANG_WARN_INFINITE_RECURSION = YES;
				CLANG_WARN_INT_CONVERSION = YES;
				CLANG_WARN_NON_LITERAL_NULL_CONVERSION = YES;
				CLANG_WARN_OBJC_LITERAL_CONVERSION = YES;
				CLANG_WARN_OBJC_ROOT_CLASS = YES_ERROR;
				CLANG_WARN_RANGE_LOOP_ANALYSIS = YES;
				CLANG_WARN_STRICT_PROTOTYPES = YES;
				CLANG_WARN_SUSPICIOUS_MOVE = YES;
				CLANG_WARN_UNGUARDED_AVAILABILITY = YES_AGGRESSIVE;
				CLANG_WARN_UNREACHABLE_CODE = YES;
				CLANG_WARN__DUPLICATE_METHOD_MATCH = YES;
				CODE_SIGN_IDENTITY = "iPhone Developer";
				COPY_PHASE_STRIP = NO;
				DEBUG_INFORMATION_FORMAT = dwarf;
				ENABLE_STRICT_OBJC_MSGSEND = YES;
				ENABLE_TESTABILITY = YES;
				GCC_C_LANGUAGE_STANDARD = gnu11;
				GCC_DYNAMIC_NO_PIC = NO;
				GCC_NO_COMMON_BLOCKS = YES;
				GCC_OPTIMIZATION_LEVEL = 0;
				GCC_PREPROCESSOR_DEFINITIONS = (
					"DEBUG=1",
					"$(inherited)",
				);
				GCC_WARN_64_TO_32_BIT_CONVERSION = YES;
				GCC_WARN_ABOUT_RETURN_TYPE = YES_ERROR;
				GCC_WARN_UNDECLARED_SELECTOR = YES;
				GCC_WARN_UNINITIALIZED_AUTOS = YES_AGGRESSIVE;
				GCC_WARN_UNUSED_FUNCTION = YES;
				GCC_WARN_UNUSED_VARIABLE = YES;
				IPHONEOS_DEPLOYMENT_TARGET = 11.2;
				MTL_ENABLE_DEBUG_INFO = YES;
				ONLY_ACTIVE_ARCH = YES;
				SDKROOT = iphoneos;
				SWIFT_ACTIVE_COMPILATION_CONDITIONS = DEBUG;
				SWIFT_OPTIMIZATION_LEVEL = "-Onone";
			};
			name = Debug;
		};
		EAAA870E2038BBE600589078 /* Release */ = {
			isa = XCBuildConfiguration;
			buildSettings = {
				ALWAYS_SEARCH_USER_PATHS = NO;
				CLANG_ANALYZER_NONNULL = YES;
				CLANG_ANALYZER_NUMBER_OBJECT_CONVERSION = YES_AGGRESSIVE;
				CLANG_CXX_LANGUAGE_STANDARD = "gnu++14";
				CLANG_CXX_LIBRARY = "libc++";
				CLANG_ENABLE_MODULES = YES;
				CLANG_ENABLE_OBJC_ARC = YES;
				CLANG_WARN_BLOCK_CAPTURE_AUTORELEASING = YES;
				CLANG_WARN_BOOL_CONVERSION = YES;
				CLANG_WARN_COMMA = YES;
				CLANG_WARN_CONSTANT_CONVERSION = YES;
				CLANG_WARN_DIRECT_OBJC_ISA_USAGE = YES_ERROR;
				CLANG_WARN_DOCUMENTATION_COMMENTS = YES;
				CLANG_WARN_EMPTY_BODY = YES;
				CLANG_WARN_ENUM_CONVERSION = YES;
				CLANG_WARN_INFINITE_RECURSION = YES;
				CLANG_WARN_INT_CONVERSION = YES;
				CLANG_WARN_NON_LITERAL_NULL_CONVERSION = YES;
				CLANG_WARN_OBJC_LITERAL_CONVERSION = YES;
				CLANG_WARN_OBJC_ROOT_CLASS = YES_ERROR;
				CLANG_WARN_RANGE_LOOP_ANALYSIS = YES;
				CLANG_WARN_STRICT_PROTOTYPES = YES;
				CLANG_WARN_SUSPICIOUS_MOVE = YES;
				CLANG_WARN_UNGUARDED_AVAILABILITY = YES_AGGRESSIVE;
				CLANG_WARN_UNREACHABLE_CODE = YES;
				CLANG_WARN__DUPLICATE_METHOD_MATCH = YES;
				CODE_SIGN_IDENTITY = "iPhone Developer";
				COPY_PHASE_STRIP = NO;
				DEBUG_INFORMATION_FORMAT = "dwarf-with-dsym";
				ENABLE_NS_ASSERTIONS = NO;
				ENABLE_STRICT_OBJC_MSGSEND = YES;
				GCC_C_LANGUAGE_STANDARD = gnu11;
				GCC_NO_COMMON_BLOCKS = YES;
				GCC_WARN_64_TO_32_BIT_CONVERSION = YES;
				GCC_WARN_ABOUT_RETURN_TYPE = YES_ERROR;
				GCC_WARN_UNDECLARED_SELECTOR = YES;
				GCC_WARN_UNINITIALIZED_AUTOS = YES_AGGRESSIVE;
				GCC_WARN_UNUSED_FUNCTION = YES;
				GCC_WARN_UNUSED_VARIABLE = YES;
				IPHONEOS_DEPLOYMENT_TARGET = 11.2;
				MTL_ENABLE_DEBUG_INFO = NO;
				SDKROOT = iphoneos;
				SWIFT_OPTIMIZATION_LEVEL = "-Owholemodule";
				VALIDATE_PRODUCT = YES;
			};
			name = Release;
		};
		EAAA87102038BBE600589078 /* Debug */ = {
			isa = XCBuildConfiguration;
			buildSettings = {
				ASSETCATALOG_COMPILER_APPICON_NAME = AppIcon;
				CODE_SIGN_STYLE = Automatic;
				DEVELOPMENT_TEAM = 35KQ284J6K;
				INFOPLIST_FILE = Quiz/Info.plist;
				LD_RUNPATH_SEARCH_PATHS = "$(inherited) @executable_path/Frameworks";
				PRODUCT_BUNDLE_IDENTIFIER = com.onemargaro.Quiz;
				PRODUCT_NAME = "$(TARGET_NAME)";
				SWIFT_VERSION = 4.0;
				TARGETED_DEVICE_FAMILY = "1,2";
			};
			name = Debug;
		};
		EAAA87112038BBE600589078 /* Release */ = {
			isa = XCBuildConfiguration;
			buildSettings = {
				ASSETCATALOG_COMPILER_APPICON_NAME = AppIcon;
				CODE_SIGN_STYLE = Automatic;
				DEVELOPMENT_TEAM = 35KQ284J6K;
				INFOPLIST_FILE = Quiz/Info.plist;
				LD_RUNPATH_SEARCH_PATHS = "$(inherited) @executable_path/Frameworks";
				PRODUCT_BUNDLE_IDENTIFIER = com.onemargaro.Quiz;
				PRODUCT_NAME = "$(TARGET_NAME)";
				SWIFT_VERSION = 4.0;
				TARGETED_DEVICE_FAMILY = "1,2";
			};
			name = Release;
		};
		EAAA87132038BBE600589078 /* Debug */ = {
			isa = XCBuildConfiguration;
			buildSettings = {
				ALWAYS_EMBED_SWIFT_STANDARD_LIBRARIES = YES;
				BUNDLE_LOADER = "$(TEST_HOST)";
				CODE_SIGN_STYLE = Automatic;
				DEVELOPMENT_TEAM = 35KQ284J6K;
				INFOPLIST_FILE = QuizTests/Info.plist;
				LD_RUNPATH_SEARCH_PATHS = "$(inherited) @executable_path/Frameworks @loader_path/Frameworks";
				PRODUCT_BUNDLE_IDENTIFIER = com.onemargaro.QuizTests;
				PRODUCT_NAME = "$(TARGET_NAME)";
				SWIFT_VERSION = 4.0;
				TARGETED_DEVICE_FAMILY = "1,2";
				TEST_HOST = "$(BUILT_PRODUCTS_DIR)/Quiz.app/Quiz";
			};
			name = Debug;
		};
		EAAA87142038BBE600589078 /* Release */ = {
			isa = XCBuildConfiguration;
			buildSettings = {
				ALWAYS_EMBED_SWIFT_STANDARD_LIBRARIES = YES;
				BUNDLE_LOADER = "$(TEST_HOST)";
				CODE_SIGN_STYLE = Automatic;
				DEVELOPMENT_TEAM = 35KQ284J6K;
				INFOPLIST_FILE = QuizTests/Info.plist;
				LD_RUNPATH_SEARCH_PATHS = "$(inherited) @executable_path/Frameworks @loader_path/Frameworks";
				PRODUCT_BUNDLE_IDENTIFIER = com.onemargaro.QuizTests;
				PRODUCT_NAME = "$(TARGET_NAME)";
				SWIFT_VERSION = 4.0;
				TARGETED_DEVICE_FAMILY = "1,2";
				TEST_HOST = "$(BUILT_PRODUCTS_DIR)/Quiz.app/Quiz";
			};
			name = Release;
		};
		EAAA87162038BBE600589078 /* Debug */ = {
			isa = XCBuildConfiguration;
			buildSettings = {
				ALWAYS_EMBED_SWIFT_STANDARD_LIBRARIES = YES;
				CODE_SIGN_STYLE = Automatic;
				DEVELOPMENT_TEAM = 35KQ284J6K;
				INFOPLIST_FILE = QuizUITests/Info.plist;
				LD_RUNPATH_SEARCH_PATHS = "$(inherited) @executable_path/Frameworks @loader_path/Frameworks";
				PRODUCT_BUNDLE_IDENTIFIER = com.onemargaro.QuizUITests;
				PRODUCT_NAME = "$(TARGET_NAME)";
				SWIFT_VERSION = 4.0;
				TARGETED_DEVICE_FAMILY = "1,2";
				TEST_TARGET_NAME = Quiz;
			};
			name = Debug;
		};
		EAAA87172038BBE600589078 /* Release */ = {
			isa = XCBuildConfiguration;
			buildSettings = {
				ALWAYS_EMBED_SWIFT_STANDARD_LIBRARIES = YES;
				CODE_SIGN_STYLE = Automatic;
				DEVELOPMENT_TEAM = 35KQ284J6K;
				INFOPLIST_FILE = QuizUITests/Info.plist;
				LD_RUNPATH_SEARCH_PATHS = "$(inherited) @executable_path/Frameworks @loader_path/Frameworks";
				PRODUCT_BUNDLE_IDENTIFIER = com.onemargaro.QuizUITests;
				PRODUCT_NAME = "$(TARGET_NAME)";
				SWIFT_VERSION = 4.0;
				TARGETED_DEVICE_FAMILY = "1,2";
				TEST_TARGET_NAME = Quiz;
			};
			name = Release;
		};
/* End XCBuildConfiguration section */

/* Begin XCConfigurationList section */
		EAAA86E22038BBE500589078 /* Build configuration list for PBXProject "Quiz" */ = {
			isa = XCConfigurationList;
			buildConfigurations = (
				EAAA870D2038BBE600589078 /* Debug */,
				EAAA870E2038BBE600589078 /* Release */,
			);
			defaultConfigurationIsVisible = 0;
			defaultConfigurationName = Release;
		};
		EAAA870F2038BBE600589078 /* Build configuration list for PBXNativeTarget "Quiz" */ = {
			isa = XCConfigurationList;
			buildConfigurations = (
				EAAA87102038BBE600589078 /* Debug */,
				EAAA87112038BBE600589078 /* Release */,
			);
			defaultConfigurationIsVisible = 0;
			defaultConfigurationName = Release;
		};
		EAAA87122038BBE600589078 /* Build configuration list for PBXNativeTarget "QuizTests" */ = {
			isa = XCConfigurationList;
			buildConfigurations = (
				EAAA87132038BBE600589078 /* Debug */,
				EAAA87142038BBE600589078 /* Release */,
			);
			defaultConfigurationIsVisible = 0;
			defaultConfigurationName = Release;
		};
		EAAA87152038BBE600589078 /* Build configuration list for PBXNativeTarget "QuizUITests" */ = {
			isa = XCConfigurationList;
			buildConfigurations = (
				EAAA87162038BBE600589078 /* Debug */,
				EAAA87172038BBE600589078 /* Release */,
			);
			defaultConfigurationIsVisible = 0;
			defaultConfigurationName = Release;
		};
/* End XCConfigurationList section */
	};
	rootObject = EAAA86DF2038BBE500589078 /* Project object */;
}
