// !$*UTF8*$!
{
	archiveVersion = 1;
	classes = {
	};
	objectVersion = 48;
	objects = {

/* Begin PBXBuildFile section */
		EA2FAEFA205C812000295E31 /* AppDelegate.swift in Sources */ = {isa = PBXBuildFile; fileRef = EA2FAEF9205C812000295E31 /* AppDelegate.swift */; };
		EA2FAEFC205C812100295E31 /* ViewController.swift in Sources */ = {isa = PBXBuildFile; fileRef = EA2FAEFB205C812100295E31 /* ViewController.swift */; };
		EA2FAEFF205C812100295E31 /* Main.storyboard in Resources */ = {isa = PBXBuildFile; fileRef = EA2FAEFD205C812100295E31 /* Main.storyboard */; };
		EA2FAF01205C812100295E31 /* Assets.xcassets in Resources */ = {isa = PBXBuildFile; fileRef = EA2FAF00205C812100295E31 /* Assets.xcassets */; };
		EA2FAF04205C812100295E31 /* LaunchScreen.storyboard in Resources */ = {isa = PBXBuildFile; fileRef = EA2FAF02205C812100295E31 /* LaunchScreen.storyboard */; };
		EA2FAF0F205C812100295E31 /* yourMoneyTests.swift in Sources */ = {isa = PBXBuildFile; fileRef = EA2FAF0E205C812100295E31 /* yourMoneyTests.swift */; };
		EA2FAF1A205C812100295E31 /* yourMoneyUITests.swift in Sources */ = {isa = PBXBuildFile; fileRef = EA2FAF19205C812100295E31 /* yourMoneyUITests.swift */; };
/* End PBXBuildFile section */

/* Begin PBXContainerItemProxy section */
		EA2FAF0B205C812100295E31 /* PBXContainerItemProxy */ = {
			isa = PBXContainerItemProxy;
			containerPortal = EA2FAEEE205C812000295E31 /* Project object */;
			proxyType = 1;
			remoteGlobalIDString = EA2FAEF5205C812000295E31;
			remoteInfo = yourMoney;
		};
		EA2FAF16205C812100295E31 /* PBXContainerItemProxy */ = {
			isa = PBXContainerItemProxy;
			containerPortal = EA2FAEEE205C812000295E31 /* Project object */;
			proxyType = 1;
			remoteGlobalIDString = EA2FAEF5205C812000295E31;
			remoteInfo = yourMoney;
		};
/* End PBXContainerItemProxy section */

/* Begin PBXFileReference section */
		EA2FAEF6205C812000295E31 /* yourMoney.app */ = {isa = PBXFileReference; explicitFileType = wrapper.application; includeInIndex = 0; path = yourMoney.app; sourceTree = BUILT_PRODUCTS_DIR; };
		EA2FAEF9205C812000295E31 /* AppDelegate.swift */ = {isa = PBXFileReference; lastKnownFileType = sourcecode.swift; path = AppDelegate.swift; sourceTree = "<group>"; };
		EA2FAEFB205C812100295E31 /* ViewController.swift */ = {isa = PBXFileReference; lastKnownFileType = sourcecode.swift; path = ViewController.swift; sourceTree = "<group>"; };
		EA2FAEFE205C812100295E31 /* Base */ = {isa = PBXFileReference; lastKnownFileType = file.storyboard; name = Base; path = Base.lproj/Main.storyboard; sourceTree = "<group>"; };
		EA2FAF00205C812100295E31 /* Assets.xcassets */ = {isa = PBXFileReference; lastKnownFileType = folder.assetcatalog; path = Assets.xcassets; sourceTree = "<group>"; };
		EA2FAF03205C812100295E31 /* Base */ = {isa = PBXFileReference; lastKnownFileType = file.storyboard; name = Base; path = Base.lproj/LaunchScreen.storyboard; sourceTree = "<group>"; };
		EA2FAF05205C812100295E31 /* Info.plist */ = {isa = PBXFileReference; lastKnownFileType = text.plist.xml; path = Info.plist; sourceTree = "<group>"; };
		EA2FAF0A205C812100295E31 /* yourMoneyTests.xctest */ = {isa = PBXFileReference; explicitFileType = wrapper.cfbundle; includeInIndex = 0; path = yourMoneyTests.xctest; sourceTree = BUILT_PRODUCTS_DIR; };
		EA2FAF0E205C812100295E31 /* yourMoneyTests.swift */ = {isa = PBXFileReference; lastKnownFileType = sourcecode.swift; path = yourMoneyTests.swift; sourceTree = "<group>"; };
		EA2FAF10205C812100295E31 /* Info.plist */ = {isa = PBXFileReference; lastKnownFileType = text.plist.xml; path = Info.plist; sourceTree = "<group>"; };
		EA2FAF15205C812100295E31 /* yourMoneyUITests.xctest */ = {isa = PBXFileReference; explicitFileType = wrapper.cfbundle; includeInIndex = 0; path = yourMoneyUITests.xctest; sourceTree = BUILT_PRODUCTS_DIR; };
		EA2FAF19205C812100295E31 /* yourMoneyUITests.swift */ = {isa = PBXFileReference; lastKnownFileType = sourcecode.swift; path = yourMoneyUITests.swift; sourceTree = "<group>"; };
		EA2FAF1B205C812100295E31 /* Info.plist */ = {isa = PBXFileReference; lastKnownFileType = text.plist.xml; path = Info.plist; sourceTree = "<group>"; };
/* End PBXFileReference section */

/* Begin PBXFrameworksBuildPhase section */
		EA2FAEF3205C812000295E31 /* Frameworks */ = {
			isa = PBXFrameworksBuildPhase;
			buildActionMask = 2147483647;
			files = (
			);
			runOnlyForDeploymentPostprocessing = 0;
		};
		EA2FAF07205C812100295E31 /* Frameworks */ = {
			isa = PBXFrameworksBuildPhase;
			buildActionMask = 2147483647;
			files = (
			);
			runOnlyForDeploymentPostprocessing = 0;
		};
		EA2FAF12205C812100295E31 /* Frameworks */ = {
			isa = PBXFrameworksBuildPhase;
			buildActionMask = 2147483647;
			files = (
			);
			runOnlyForDeploymentPostprocessing = 0;
		};
/* End PBXFrameworksBuildPhase section */

/* Begin PBXGroup section */
		EA2FAEED205C812000295E31 = {
			isa = PBXGroup;
			children = (
				EA2FAEF8205C812000295E31 /* yourMoney */,
				EA2FAF0D205C812100295E31 /* yourMoneyTests */,
				EA2FAF18205C812100295E31 /* yourMoneyUITests */,
				EA2FAEF7205C812000295E31 /* Products */,
			);
			sourceTree = "<group>";
		};
		EA2FAEF7205C812000295E31 /* Products */ = {
			isa = PBXGroup;
			children = (
				EA2FAEF6205C812000295E31 /* yourMoney.app */,
				EA2FAF0A205C812100295E31 /* yourMoneyTests.xctest */,
				EA2FAF15205C812100295E31 /* yourMoneyUITests.xctest */,
			);
			name = Products;
			sourceTree = "<group>";
		};
		EA2FAEF8205C812000295E31 /* yourMoney */ = {
			isa = PBXGroup;
			children = (
				EA2FAEF9205C812000295E31 /* AppDelegate.swift */,
				EA2FAEFB205C812100295E31 /* ViewController.swift */,
				EA2FAEFD205C812100295E31 /* Main.storyboard */,
				EA2FAF00205C812100295E31 /* Assets.xcassets */,
				EA2FAF02205C812100295E31 /* LaunchScreen.storyboard */,
				EA2FAF05205C812100295E31 /* Info.plist */,
			);
			path = yourMoney;
			sourceTree = "<group>";
		};
		EA2FAF0D205C812100295E31 /* yourMoneyTests */ = {
			isa = PBXGroup;
			children = (
				EA2FAF0E205C812100295E31 /* yourMoneyTests.swift */,
				EA2FAF10205C812100295E31 /* Info.plist */,
			);
			path = yourMoneyTests;
			sourceTree = "<group>";
		};
		EA2FAF18205C812100295E31 /* yourMoneyUITests */ = {
			isa = PBXGroup;
			children = (
				EA2FAF19205C812100295E31 /* yourMoneyUITests.swift */,
				EA2FAF1B205C812100295E31 /* Info.plist */,
			);
			path = yourMoneyUITests;
			sourceTree = "<group>";
		};
/* End PBXGroup section */

/* Begin PBXNativeTarget section */
		EA2FAEF5205C812000295E31 /* yourMoney */ = {
			isa = PBXNativeTarget;
			buildConfigurationList = EA2FAF1E205C812100295E31 /* Build configuration list for PBXNativeTarget "yourMoney" */;
			buildPhases = (
				EA2FAEF2205C812000295E31 /* Sources */,
				EA2FAEF3205C812000295E31 /* Frameworks */,
				EA2FAEF4205C812000295E31 /* Resources */,
			);
			buildRules = (
			);
			dependencies = (
			);
			name = yourMoney;
			productName = yourMoney;
			productReference = EA2FAEF6205C812000295E31 /* yourMoney.app */;
			productType = "com.apple.product-type.application";
		};
		EA2FAF09205C812100295E31 /* yourMoneyTests */ = {
			isa = PBXNativeTarget;
			buildConfigurationList = EA2FAF21205C812100295E31 /* Build configuration list for PBXNativeTarget "yourMoneyTests" */;
			buildPhases = (
				EA2FAF06205C812100295E31 /* Sources */,
				EA2FAF07205C812100295E31 /* Frameworks */,
				EA2FAF08205C812100295E31 /* Resources */,
			);
			buildRules = (
			);
			dependencies = (
				EA2FAF0C205C812100295E31 /* PBXTargetDependency */,
			);
			name = yourMoneyTests;
			productName = yourMoneyTests;
			productReference = EA2FAF0A205C812100295E31 /* yourMoneyTests.xctest */;
			productType = "com.apple.product-type.bundle.unit-test";
		};
		EA2FAF14205C812100295E31 /* yourMoneyUITests */ = {
			isa = PBXNativeTarget;
			buildConfigurationList = EA2FAF24205C812100295E31 /* Build configuration list for PBXNativeTarget "yourMoneyUITests" */;
			buildPhases = (
				EA2FAF11205C812100295E31 /* Sources */,
				EA2FAF12205C812100295E31 /* Frameworks */,
				EA2FAF13205C812100295E31 /* Resources */,
			);
			buildRules = (
			);
			dependencies = (
				EA2FAF17205C812100295E31 /* PBXTargetDependency */,
			);
			name = yourMoneyUITests;
			productName = yourMoneyUITests;
			productReference = EA2FAF15205C812100295E31 /* yourMoneyUITests.xctest */;
			productType = "com.apple.product-type.bundle.ui-testing";
		};
/* End PBXNativeTarget section */

/* Begin PBXProject section */
		EA2FAEEE205C812000295E31 /* Project object */ = {
			isa = PBXProject;
			attributes = {
				LastSwiftUpdateCheck = 0920;
				LastUpgradeCheck = 0920;
				ORGANIZATIONNAME = Margaro;
				TargetAttributes = {
					EA2FAEF5205C812000295E31 = {
						CreatedOnToolsVersion = 9.2;
						ProvisioningStyle = Automatic;
					};
					EA2FAF09205C812100295E31 = {
						CreatedOnToolsVersion = 9.2;
						ProvisioningStyle = Automatic;
						TestTargetID = EA2FAEF5205C812000295E31;
					};
					EA2FAF14205C812100295E31 = {
						CreatedOnToolsVersion = 9.2;
						ProvisioningStyle = Automatic;
						TestTargetID = EA2FAEF5205C812000295E31;
					};
				};
			};
			buildConfigurationList = EA2FAEF1205C812000295E31 /* Build configuration list for PBXProject "yourMoney" */;
			compatibilityVersion = "Xcode 8.0";
			developmentRegion = en;
			hasScannedForEncodings = 0;
			knownRegions = (
				en,
				Base,
			);
			mainGroup = EA2FAEED205C812000295E31;
			productRefGroup = EA2FAEF7205C812000295E31 /* Products */;
			projectDirPath = "";
			projectRoot = "";
			targets = (
				EA2FAEF5205C812000295E31 /* yourMoney */,
				EA2FAF09205C812100295E31 /* yourMoneyTests */,
				EA2FAF14205C812100295E31 /* yourMoneyUITests */,
			);
		};
/* End PBXProject section */

/* Begin PBXResourcesBuildPhase section */
		EA2FAEF4205C812000295E31 /* Resources */ = {
			isa = PBXResourcesBuildPhase;
			buildActionMask = 2147483647;
			files = (
				EA2FAF04205C812100295E31 /* LaunchScreen.storyboard in Resources */,
				EA2FAF01205C812100295E31 /* Assets.xcassets in Resources */,
				EA2FAEFF205C812100295E31 /* Main.storyboard in Resources */,
			);
			runOnlyForDeploymentPostprocessing = 0;
		};
		EA2FAF08205C812100295E31 /* Resources */ = {
			isa = PBXResourcesBuildPhase;
			buildActionMask = 2147483647;
			files = (
			);
			runOnlyForDeploymentPostprocessing = 0;
		};
		EA2FAF13205C812100295E31 /* Resources */ = {
			isa = PBXResourcesBuildPhase;
			buildActionMask = 2147483647;
			files = (
			);
			runOnlyForDeploymentPostprocessing = 0;
		};
/* End PBXResourcesBuildPhase section */

/* Begin PBXSourcesBuildPhase section */
		EA2FAEF2205C812000295E31 /* Sources */ = {
			isa = PBXSourcesBuildPhase;
			buildActionMask = 2147483647;
			files = (
				EA2FAEFC205C812100295E31 /* ViewController.swift in Sources */,
				EA2FAEFA205C812000295E31 /* AppDelegate.swift in Sources */,
			);
			runOnlyForDeploymentPostprocessing = 0;
		};
		EA2FAF06205C812100295E31 /* Sources */ = {
			isa = PBXSourcesBuildPhase;
			buildActionMask = 2147483647;
			files = (
				EA2FAF0F205C812100295E31 /* yourMoneyTests.swift in Sources */,
			);
			runOnlyForDeploymentPostprocessing = 0;
		};
		EA2FAF11205C812100295E31 /* Sources */ = {
			isa = PBXSourcesBuildPhase;
			buildActionMask = 2147483647;
			files = (
				EA2FAF1A205C812100295E31 /* yourMoneyUITests.swift in Sources */,
			);
			runOnlyForDeploymentPostprocessing = 0;
		};
/* End PBXSourcesBuildPhase section */

/* Begin PBXTargetDependency section */
		EA2FAF0C205C812100295E31 /* PBXTargetDependency */ = {
			isa = PBXTargetDependency;
			target = EA2FAEF5205C812000295E31 /* yourMoney */;
			targetProxy = EA2FAF0B205C812100295E31 /* PBXContainerItemProxy */;
		};
		EA2FAF17205C812100295E31 /* PBXTargetDependency */ = {
			isa = PBXTargetDependency;
			target = EA2FAEF5205C812000295E31 /* yourMoney */;
			targetProxy = EA2FAF16205C812100295E31 /* PBXContainerItemProxy */;
		};
/* End PBXTargetDependency section */

/* Begin PBXVariantGroup section */
		EA2FAEFD205C812100295E31 /* Main.storyboard */ = {
			isa = PBXVariantGroup;
			children = (
				EA2FAEFE205C812100295E31 /* Base */,
			);
			name = Main.storyboard;
			sourceTree = "<group>";
		};
		EA2FAF02205C812100295E31 /* LaunchScreen.storyboard */ = {
			isa = PBXVariantGroup;
			children = (
				EA2FAF03205C812100295E31 /* Base */,
			);
			name = LaunchScreen.storyboard;
			sourceTree = "<group>";
		};
/* End PBXVariantGroup section */

/* Begin XCBuildConfiguration section */
		EA2FAF1C205C812100295E31 /* Debug */ = {
			isa = XCBuildConfiguration;
			buildSettings = {
				ALWAYS_SEARCH_USER_PATHS = NO;
				CLANG_ANALYZER_NONNULL = YES;
				CLANG_ANALYZER_NUMBER_OBJECT_CONVERSION = YES_AGGRESSIVE;
				CLANG_CXX_LANGUAGE_STANDARD = "gnu++14";
				CLANG_CXX_LIBRARY = "libc++";
				CLANG_ENABLE_MODULES = YES;
				CLANG_ENABLE_OBJC_ARC = YES;
				CLANG_WARN_BLOCK_CAPTURE_AUTORELEASING = YES;
				CLANG_WARN_BOOL_CONVERSION = YES;
				CLANG_WARN_COMMA = YES;
				CLANG_WARN_CONSTANT_CONVERSION = YES;
				CLANG_WARN_DIRECT_OBJC_ISA_USAGE = YES_ERROR;
				CLANG_WARN_DOCUMENTATION_COMMENTS = YES;
				CLANG_WARN_EMPTY_BODY = YES;
				CLANG_WARN_ENUM_CONVERSION = YES;
				CLANG_WARN_INFINITE_RECURSION = YES;
				CLANG_WARN_INT_CONVERSION = YES;
				CLANG_WARN_NON_LITERAL_NULL_CONVERSION = YES;
				CLANG_WARN_OBJC_LITERAL_CONVERSION = YES;
				CLANG_WARN_OBJC_ROOT_CLASS = YES_ERROR;
				CLANG_WARN_RANGE_LOOP_ANALYSIS = YES;
				CLANG_WARN_STRICT_PROTOTYPES = YES;
				CLANG_WARN_SUSPICIOUS_MOVE = YES;
				CLANG_WARN_UNGUARDED_AVAILABILITY = YES_AGGRESSIVE;
				CLANG_WARN_UNREACHABLE_CODE = YES;
				CLANG_WARN__DUPLICATE_METHOD_MATCH = YES;
				CODE_SIGN_IDENTITY = "iPhone Developer";
				COPY_PHASE_STRIP = NO;
				DEBUG_INFORMATION_FORMAT = dwarf;
				ENABLE_STRICT_OBJC_MSGSEND = YES;
				ENABLE_TESTABILITY = YES;
				GCC_C_LANGUAGE_STANDARD = gnu11;
				GCC_DYNAMIC_NO_PIC = NO;
				GCC_NO_COMMON_BLOCKS = YES;
				GCC_OPTIMIZATION_LEVEL = 0;
				GCC_PREPROCESSOR_DEFINITIONS = (
					"DEBUG=1",
					"$(inherited)",
				);
				GCC_WARN_64_TO_32_BIT_CONVERSION = YES;
				GCC_WARN_ABOUT_RETURN_TYPE = YES_ERROR;
				GCC_WARN_UNDECLARED_SELECTOR = YES;
				GCC_WARN_UNINITIALIZED_AUTOS = YES_AGGRESSIVE;
				GCC_WARN_UNUSED_FUNCTION = YES;
				GCC_WARN_UNUSED_VARIABLE = YES;
				IPHONEOS_DEPLOYMENT_TARGET = 11.2;
				MTL_ENABLE_DEBUG_INFO = YES;
				ONLY_ACTIVE_ARCH = YES;
				SDKROOT = iphoneos;
				SWIFT_ACTIVE_COMPILATION_CONDITIONS = DEBUG;
				SWIFT_OPTIMIZATION_LEVEL = "-Onone";
			};
			name = Debug;
		};
		EA2FAF1D205C812100295E31 /* Release */ = {
			isa = XCBuildConfiguration;
			buildSettings = {
				ALWAYS_SEARCH_USER_PATHS = NO;
				CLANG_ANALYZER_NONNULL = YES;
				CLANG_ANALYZER_NUMBER_OBJECT_CONVERSION = YES_AGGRESSIVE;
				CLANG_CXX_LANGUAGE_STANDARD = "gnu++14";
				CLANG_CXX_LIBRARY = "libc++";
				CLANG_ENABLE_MODULES = YES;
				CLANG_ENABLE_OBJC_ARC = YES;
				CLANG_WARN_BLOCK_CAPTURE_AUTORELEASING = YES;
				CLANG_WARN_BOOL_CONVERSION = YES;
				CLANG_WARN_COMMA = YES;
				CLANG_WARN_CONSTANT_CONVERSION = YES;
				CLANG_WARN_DIRECT_OBJC_ISA_USAGE = YES_ERROR;
				CLANG_WARN_DOCUMENTATION_COMMENTS = YES;
				CLANG_WARN_EMPTY_BODY = YES;
				CLANG_WARN_ENUM_CONVERSION = YES;
				CLANG_WARN_INFINITE_RECURSION = YES;
				CLANG_WARN_INT_CONVERSION = YES;
				CLANG_WARN_NON_LITERAL_NULL_CONVERSION = YES;
				CLANG_WARN_OBJC_LITERAL_CONVERSION = YES;
				CLANG_WARN_OBJC_ROOT_CLASS = YES_ERROR;
				CLANG_WARN_RANGE_LOOP_ANALYSIS = YES;
				CLANG_WARN_STRICT_PROTOTYPES = YES;
				CLANG_WARN_SUSPICIOUS_MOVE = YES;
				CLANG_WARN_UNGUARDED_AVAILABILITY = YES_AGGRESSIVE;
				CLANG_WARN_UNREACHABLE_CODE = YES;
				CLANG_WARN__DUPLICATE_METHOD_MATCH = YES;
				CODE_SIGN_IDENTITY = "iPhone Developer";
				COPY_PHASE_STRIP = NO;
				DEBUG_INFORMATION_FORMAT = "dwarf-with-dsym";
				ENABLE_NS_ASSERTIONS = NO;
				ENABLE_STRICT_OBJC_MSGSEND = YES;
				GCC_C_LANGUAGE_STANDARD = gnu11;
				GCC_NO_COMMON_BLOCKS = YES;
				GCC_WARN_64_TO_32_BIT_CONVERSION = YES;
				GCC_WARN_ABOUT_RETURN_TYPE = YES_ERROR;
				GCC_WARN_UNDECLARED_SELECTOR = YES;
				GCC_WARN_UNINITIALIZED_AUTOS = YES_AGGRESSIVE;
				GCC_WARN_UNUSED_FUNCTION = YES;
				GCC_WARN_UNUSED_VARIABLE = YES;
				IPHONEOS_DEPLOYMENT_TARGET = 11.2;
				MTL_ENABLE_DEBUG_INFO = NO;
				SDKROOT = iphoneos;
				SWIFT_OPTIMIZATION_LEVEL = "-Owholemodule";
				VALIDATE_PRODUCT = YES;
			};
			name = Release;
		};
		EA2FAF1F205C812100295E31 /* Debug */ = {
			isa = XCBuildConfiguration;
			buildSettings = {
				ASSETCATALOG_COMPILER_APPICON_NAME = AppIcon;
				CODE_SIGN_STYLE = Automatic;
				DEVELOPMENT_TEAM = 35KQ284J6K;
				INFOPLIST_FILE = yourMoney/Info.plist;
				LD_RUNPATH_SEARCH_PATHS = "$(inherited) @executable_path/Frameworks";
				PRODUCT_BUNDLE_IDENTIFIER = com.onemargaro.yourMoney;
				PRODUCT_NAME = "$(TARGET_NAME)";
				SWIFT_VERSION = 4.0;
				TARGETED_DEVICE_FAMILY = "1,2";
			};
			name = Debug;
		};
		EA2FAF20205C812100295E31 /* Release */ = {
			isa = XCBuildConfiguration;
			buildSettings = {
				ASSETCATALOG_COMPILER_APPICON_NAME = AppIcon;
				CODE_SIGN_STYLE = Automatic;
				DEVELOPMENT_TEAM = 35KQ284J6K;
				INFOPLIST_FILE = yourMoney/Info.plist;
				LD_RUNPATH_SEARCH_PATHS = "$(inherited) @executable_path/Frameworks";
				PRODUCT_BUNDLE_IDENTIFIER = com.onemargaro.yourMoney;
				PRODUCT_NAME = "$(TARGET_NAME)";
				SWIFT_VERSION = 4.0;
				TARGETED_DEVICE_FAMILY = "1,2";
			};
			name = Release;
		};
		EA2FAF22205C812100295E31 /* Debug */ = {
			isa = XCBuildConfiguration;
			buildSettings = {
				ALWAYS_EMBED_SWIFT_STANDARD_LIBRARIES = YES;
				BUNDLE_LOADER = "$(TEST_HOST)";
				CODE_SIGN_STYLE = Automatic;
				DEVELOPMENT_TEAM = 35KQ284J6K;
				INFOPLIST_FILE = yourMoneyTests/Info.plist;
				LD_RUNPATH_SEARCH_PATHS = "$(inherited) @executable_path/Frameworks @loader_path/Frameworks";
				PRODUCT_BUNDLE_IDENTIFIER = com.onemargaro.yourMoneyTests;
				PRODUCT_NAME = "$(TARGET_NAME)";
				SWIFT_VERSION = 4.0;
				TARGETED_DEVICE_FAMILY = "1,2";
				TEST_HOST = "$(BUILT_PRODUCTS_DIR)/yourMoney.app/yourMoney";
			};
			name = Debug;
		};
		EA2FAF23205C812100295E31 /* Release */ = {
			isa = XCBuildConfiguration;
			buildSettings = {
				ALWAYS_EMBED_SWIFT_STANDARD_LIBRARIES = YES;
				BUNDLE_LOADER = "$(TEST_HOST)";
				CODE_SIGN_STYLE = Automatic;
				DEVELOPMENT_TEAM = 35KQ284J6K;
				INFOPLIST_FILE = yourMoneyTests/Info.plist;
				LD_RUNPATH_SEARCH_PATHS = "$(inherited) @executable_path/Frameworks @loader_path/Frameworks";
				PRODUCT_BUNDLE_IDENTIFIER = com.onemargaro.yourMoneyTests;
				PRODUCT_NAME = "$(TARGET_NAME)";
				SWIFT_VERSION = 4.0;
				TARGETED_DEVICE_FAMILY = "1,2";
				TEST_HOST = "$(BUILT_PRODUCTS_DIR)/yourMoney.app/yourMoney";
			};
			name = Release;
		};
		EA2FAF25205C812100295E31 /* Debug */ = {
			isa = XCBuildConfiguration;
			buildSettings = {
				ALWAYS_EMBED_SWIFT_STANDARD_LIBRARIES = YES;
				CODE_SIGN_STYLE = Automatic;
				DEVELOPMENT_TEAM = 35KQ284J6K;
				INFOPLIST_FILE = yourMoneyUITests/Info.plist;
				LD_RUNPATH_SEARCH_PATHS = "$(inherited) @executable_path/Frameworks @loader_path/Frameworks";
				PRODUCT_BUNDLE_IDENTIFIER = com.onemargaro.yourMoneyUITests;
				PRODUCT_NAME = "$(TARGET_NAME)";
				SWIFT_VERSION = 4.0;
				TARGETED_DEVICE_FAMILY = "1,2";
				TEST_TARGET_NAME = yourMoney;
			};
			name = Debug;
		};
		EA2FAF26205C812100295E31 /* Release */ = {
			isa = XCBuildConfiguration;
			buildSettings = {
				ALWAYS_EMBED_SWIFT_STANDARD_LIBRARIES = YES;
				CODE_SIGN_STYLE = Automatic;
				DEVELOPMENT_TEAM = 35KQ284J6K;
				INFOPLIST_FILE = yourMoneyUITests/Info.plist;
				LD_RUNPATH_SEARCH_PATHS = "$(inherited) @executable_path/Frameworks @loader_path/Frameworks";
				PRODUCT_BUNDLE_IDENTIFIER = com.onemargaro.yourMoneyUITests;
				PRODUCT_NAME = "$(TARGET_NAME)";
				SWIFT_VERSION = 4.0;
				TARGETED_DEVICE_FAMILY = "1,2";
				TEST_TARGET_NAME = yourMoney;
			};
			name = Release;
		};
/* End XCBuildConfiguration section */

/* Begin XCConfigurationList section */
		EA2FAEF1205C812000295E31 /* Build configuration list for PBXProject "yourMoney" */ = {
			isa = XCConfigurationList;
			buildConfigurations = (
				EA2FAF1C205C812100295E31 /* Debug */,
				EA2FAF1D205C812100295E31 /* Release */,
			);
			defaultConfigurationIsVisible = 0;
			defaultConfigurationName = Release;
		};
		EA2FAF1E205C812100295E31 /* Build configuration list for PBXNativeTarget "yourMoney" */ = {
			isa = XCConfigurationList;
			buildConfigurations = (
				EA2FAF1F205C812100295E31 /* Debug */,
				EA2FAF20205C812100295E31 /* Release */,
			);
			defaultConfigurationIsVisible = 0;
			defaultConfigurationName = Release;
		};
		EA2FAF21205C812100295E31 /* Build configuration list for PBXNativeTarget "yourMoneyTests" */ = {
			isa = XCConfigurationList;
			buildConfigurations = (
				EA2FAF22205C812100295E31 /* Debug */,
				EA2FAF23205C812100295E31 /* Release */,
			);
			defaultConfigurationIsVisible = 0;
			defaultConfigurationName = Release;
		};
		EA2FAF24205C812100295E31 /* Build configuration list for PBXNativeTarget "yourMoneyUITests" */ = {
			isa = XCConfigurationList;
			buildConfigurations = (
				EA2FAF25205C812100295E31 /* Debug */,
				EA2FAF26205C812100295E31 /* Release */,
			);
			defaultConfigurationIsVisible = 0;
			defaultConfigurationName = Release;
		};
/* End XCConfigurationList section */
	};
	rootObject = EA2FAEEE205C812000295E31 /* Project object */;
}
