// !$*UTF8*$!
{
	archiveVersion = 1;
	classes = {
	};
	objectVersion = 50;
	objects = {

/* Begin PBXBuildFile section */
		EA7E75C220C2EB2F00405915 /* AppDelegate.swift in Sources */ = {isa = PBXBuildFile; fileRef = EA7E75C120C2EB2F00405915 /* AppDelegate.swift */; };
		EA7E75C420C2EB2F00405915 /* ViewController.swift in Sources */ = {isa = PBXBuildFile; fileRef = EA7E75C320C2EB2F00405915 /* ViewController.swift */; };
		EA7E75C720C2EB2F00405915 /* Main.storyboard in Resources */ = {isa = PBXBuildFile; fileRef = EA7E75C520C2EB2F00405915 /* Main.storyboard */; };
		EA7E75C920C2EB3200405915 /* Assets.xcassets in Resources */ = {isa = PBXBuildFile; fileRef = EA7E75C820C2EB3200405915 /* Assets.xcassets */; };
		EA7E75CC20C2EB3200405915 /* LaunchScreen.storyboard in Resources */ = {isa = PBXBuildFile; fileRef = EA7E75CA20C2EB3200405915 /* LaunchScreen.storyboard */; };
		EA7E75D720C2EB3300405915 /* FaceReTests.swift in Sources */ = {isa = PBXBuildFile; fileRef = EA7E75D620C2EB3300405915 /* FaceReTests.swift */; };
		EA7E75E220C2EB3300405915 /* FaceReUITests.swift in Sources */ = {isa = PBXBuildFile; fileRef = EA7E75E120C2EB3300405915 /* FaceReUITests.swift */; };
		EA7E75F020C2EEBD00405915 /* DetectFaceViewController.swift in Sources */ = {isa = PBXBuildFile; fileRef = EA7E75EF20C2EEBD00405915 /* DetectFaceViewController.swift */; };
/* End PBXBuildFile section */

/* Begin PBXContainerItemProxy section */
		EA7E75D320C2EB3300405915 /* PBXContainerItemProxy */ = {
			isa = PBXContainerItemProxy;
			containerPortal = EA7E75B620C2EB2F00405915 /* Project object */;
			proxyType = 1;
			remoteGlobalIDString = EA7E75BD20C2EB2F00405915;
			remoteInfo = FaceRe;
		};
		EA7E75DE20C2EB3300405915 /* PBXContainerItemProxy */ = {
			isa = PBXContainerItemProxy;
			containerPortal = EA7E75B620C2EB2F00405915 /* Project object */;
			proxyType = 1;
			remoteGlobalIDString = EA7E75BD20C2EB2F00405915;
			remoteInfo = FaceRe;
		};
/* End PBXContainerItemProxy section */

/* Begin PBXFileReference section */
		EA7E75BE20C2EB2F00405915 /* FaceRe.app */ = {isa = PBXFileReference; explicitFileType = wrapper.application; includeInIndex = 0; path = FaceRe.app; sourceTree = BUILT_PRODUCTS_DIR; };
		EA7E75C120C2EB2F00405915 /* AppDelegate.swift */ = {isa = PBXFileReference; lastKnownFileType = sourcecode.swift; path = AppDelegate.swift; sourceTree = "<group>"; };
		EA7E75C320C2EB2F00405915 /* ViewController.swift */ = {isa = PBXFileReference; lastKnownFileType = sourcecode.swift; path = ViewController.swift; sourceTree = "<group>"; };
		EA7E75C620C2EB2F00405915 /* Base */ = {isa = PBXFileReference; lastKnownFileType = file.storyboard; name = Base; path = Base.lproj/Main.storyboard; sourceTree = "<group>"; };
		EA7E75C820C2EB3200405915 /* Assets.xcassets */ = {isa = PBXFileReference; lastKnownFileType = folder.assetcatalog; path = Assets.xcassets; sourceTree = "<group>"; };
		EA7E75CB20C2EB3200405915 /* Base */ = {isa = PBXFileReference; lastKnownFileType = file.storyboard; name = Base; path = Base.lproj/LaunchScreen.storyboard; sourceTree = "<group>"; };
		EA7E75CD20C2EB3200405915 /* Info.plist */ = {isa = PBXFileReference; lastKnownFileType = text.plist.xml; path = Info.plist; sourceTree = "<group>"; };
		EA7E75D220C2EB3300405915 /* FaceReTests.xctest */ = {isa = PBXFileReference; explicitFileType = wrapper.cfbundle; includeInIndex = 0; path = FaceReTests.xctest; sourceTree = BUILT_PRODUCTS_DIR; };
		EA7E75D620C2EB3300405915 /* FaceReTests.swift */ = {isa = PBXFileReference; lastKnownFileType = sourcecode.swift; path = FaceReTests.swift; sourceTree = "<group>"; };
		EA7E75D820C2EB3300405915 /* Info.plist */ = {isa = PBXFileReference; lastKnownFileType = text.plist.xml; path = Info.plist; sourceTree = "<group>"; };
		EA7E75DD20C2EB3300405915 /* FaceReUITests.xctest */ = {isa = PBXFileReference; explicitFileType = wrapper.cfbundle; includeInIndex = 0; path = FaceReUITests.xctest; sourceTree = BUILT_PRODUCTS_DIR; };
		EA7E75E120C2EB3300405915 /* FaceReUITests.swift */ = {isa = PBXFileReference; lastKnownFileType = sourcecode.swift; path = FaceReUITests.swift; sourceTree = "<group>"; };
		EA7E75E320C2EB3300405915 /* Info.plist */ = {isa = PBXFileReference; lastKnownFileType = text.plist.xml; path = Info.plist; sourceTree = "<group>"; };
		EA7E75EF20C2EEBD00405915 /* DetectFaceViewController.swift */ = {isa = PBXFileReference; lastKnownFileType = sourcecode.swift; path = DetectFaceViewController.swift; sourceTree = "<group>"; };
/* End PBXFileReference section */

/* Begin PBXFrameworksBuildPhase section */
		EA7E75BB20C2EB2F00405915 /* Frameworks */ = {
			isa = PBXFrameworksBuildPhase;
			buildActionMask = 2147483647;
			files = (
			);
			runOnlyForDeploymentPostprocessing = 0;
		};
		EA7E75CF20C2EB3300405915 /* Frameworks */ = {
			isa = PBXFrameworksBuildPhase;
			buildActionMask = 2147483647;
			files = (
			);
			runOnlyForDeploymentPostprocessing = 0;
		};
		EA7E75DA20C2EB3300405915 /* Frameworks */ = {
			isa = PBXFrameworksBuildPhase;
			buildActionMask = 2147483647;
			files = (
			);
			runOnlyForDeploymentPostprocessing = 0;
		};
/* End PBXFrameworksBuildPhase section */

/* Begin PBXGroup section */
		EA7E75B520C2EB2F00405915 = {
			isa = PBXGroup;
			children = (
				EA7E75C020C2EB2F00405915 /* FaceRe */,
				EA7E75D520C2EB3300405915 /* FaceReTests */,
				EA7E75E020C2EB3300405915 /* FaceReUITests */,
				EA7E75BF20C2EB2F00405915 /* Products */,
			);
			sourceTree = "<group>";
		};
		EA7E75BF20C2EB2F00405915 /* Products */ = {
			isa = PBXGroup;
			children = (
				EA7E75BE20C2EB2F00405915 /* FaceRe.app */,
				EA7E75D220C2EB3300405915 /* FaceReTests.xctest */,
				EA7E75DD20C2EB3300405915 /* FaceReUITests.xctest */,
			);
			name = Products;
			sourceTree = "<group>";
		};
		EA7E75C020C2EB2F00405915 /* FaceRe */ = {
			isa = PBXGroup;
			children = (
				EA7E75C120C2EB2F00405915 /* AppDelegate.swift */,
				EA7E75C320C2EB2F00405915 /* ViewController.swift */,
				EA7E75EF20C2EEBD00405915 /* DetectFaceViewController.swift */,
				EA7E75C520C2EB2F00405915 /* Main.storyboard */,
				EA7E75C820C2EB3200405915 /* Assets.xcassets */,
				EA7E75CA20C2EB3200405915 /* LaunchScreen.storyboard */,
				EA7E75CD20C2EB3200405915 /* Info.plist */,
			);
			path = FaceRe;
			sourceTree = "<group>";
		};
		EA7E75D520C2EB3300405915 /* FaceReTests */ = {
			isa = PBXGroup;
			children = (
				EA7E75D620C2EB3300405915 /* FaceReTests.swift */,
				EA7E75D820C2EB3300405915 /* Info.plist */,
			);
			path = FaceReTests;
			sourceTree = "<group>";
		};
		EA7E75E020C2EB3300405915 /* FaceReUITests */ = {
			isa = PBXGroup;
			children = (
				EA7E75E120C2EB3300405915 /* FaceReUITests.swift */,
				EA7E75E320C2EB3300405915 /* Info.plist */,
			);
			path = FaceReUITests;
			sourceTree = "<group>";
		};
/* End PBXGroup section */

/* Begin PBXNativeTarget section */
		EA7E75BD20C2EB2F00405915 /* FaceRe */ = {
			isa = PBXNativeTarget;
			buildConfigurationList = EA7E75E620C2EB3300405915 /* Build configuration list for PBXNativeTarget "FaceRe" */;
			buildPhases = (
				EA7E75BA20C2EB2F00405915 /* Sources */,
				EA7E75BB20C2EB2F00405915 /* Frameworks */,
				EA7E75BC20C2EB2F00405915 /* Resources */,
			);
			buildRules = (
			);
			dependencies = (
			);
			name = FaceRe;
			productName = FaceRe;
			productReference = EA7E75BE20C2EB2F00405915 /* FaceRe.app */;
			productType = "com.apple.product-type.application";
		};
		EA7E75D120C2EB3300405915 /* FaceReTests */ = {
			isa = PBXNativeTarget;
			buildConfigurationList = EA7E75E920C2EB3300405915 /* Build configuration list for PBXNativeTarget "FaceReTests" */;
			buildPhases = (
				EA7E75CE20C2EB3300405915 /* Sources */,
				EA7E75CF20C2EB3300405915 /* Frameworks */,
				EA7E75D020C2EB3300405915 /* Resources */,
			);
			buildRules = (
			);
			dependencies = (
				EA7E75D420C2EB3300405915 /* PBXTargetDependency */,
			);
			name = FaceReTests;
			productName = FaceReTests;
			productReference = EA7E75D220C2EB3300405915 /* FaceReTests.xctest */;
			productType = "com.apple.product-type.bundle.unit-test";
		};
		EA7E75DC20C2EB3300405915 /* FaceReUITests */ = {
			isa = PBXNativeTarget;
			buildConfigurationList = EA7E75EC20C2EB3300405915 /* Build configuration list for PBXNativeTarget "FaceReUITests" */;
			buildPhases = (
				EA7E75D920C2EB3300405915 /* Sources */,
				EA7E75DA20C2EB3300405915 /* Frameworks */,
				EA7E75DB20C2EB3300405915 /* Resources */,
			);
			buildRules = (
			);
			dependencies = (
				EA7E75DF20C2EB3300405915 /* PBXTargetDependency */,
			);
			name = FaceReUITests;
			productName = FaceReUITests;
			productReference = EA7E75DD20C2EB3300405915 /* FaceReUITests.xctest */;
			productType = "com.apple.product-type.bundle.ui-testing";
		};
/* End PBXNativeTarget section */

/* Begin PBXProject section */
		EA7E75B620C2EB2F00405915 /* Project object */ = {
			isa = PBXProject;
			attributes = {
				LastSwiftUpdateCheck = 0940;
				LastUpgradeCheck = 0940;
				ORGANIZATIONNAME = Margaro;
				TargetAttributes = {
					EA7E75BD20C2EB2F00405915 = {
						CreatedOnToolsVersion = 9.4;
					};
					EA7E75D120C2EB3300405915 = {
						CreatedOnToolsVersion = 9.4;
						TestTargetID = EA7E75BD20C2EB2F00405915;
					};
					EA7E75DC20C2EB3300405915 = {
						CreatedOnToolsVersion = 9.4;
						TestTargetID = EA7E75BD20C2EB2F00405915;
					};
				};
			};
			buildConfigurationList = EA7E75B920C2EB2F00405915 /* Build configuration list for PBXProject "FaceRe" */;
			compatibilityVersion = "Xcode 9.3";
			developmentRegion = en;
			hasScannedForEncodings = 0;
			knownRegions = (
				en,
				Base,
			);
			mainGroup = EA7E75B520C2EB2F00405915;
			productRefGroup = EA7E75BF20C2EB2F00405915 /* Products */;
			projectDirPath = "";
			projectRoot = "";
			targets = (
				EA7E75BD20C2EB2F00405915 /* FaceRe */,
				EA7E75D120C2EB3300405915 /* FaceReTests */,
				EA7E75DC20C2EB3300405915 /* FaceReUITests */,
			);
		};
/* End PBXProject section */

/* Begin PBXResourcesBuildPhase section */
		EA7E75BC20C2EB2F00405915 /* Resources */ = {
			isa = PBXResourcesBuildPhase;
			buildActionMask = 2147483647;
			files = (
				EA7E75CC20C2EB3200405915 /* LaunchScreen.storyboard in Resources */,
				EA7E75C920C2EB3200405915 /* Assets.xcassets in Resources */,
				EA7E75C720C2EB2F00405915 /* Main.storyboard in Resources */,
			);
			runOnlyForDeploymentPostprocessing = 0;
		};
		EA7E75D020C2EB3300405915 /* Resources */ = {
			isa = PBXResourcesBuildPhase;
			buildActionMask = 2147483647;
			files = (
			);
			runOnlyForDeploymentPostprocessing = 0;
		};
		EA7E75DB20C2EB3300405915 /* Resources */ = {
			isa = PBXResourcesBuildPhase;
			buildActionMask = 2147483647;
			files = (
			);
			runOnlyForDeploymentPostprocessing = 0;
		};
/* End PBXResourcesBuildPhase section */

/* Begin PBXSourcesBuildPhase section */
		EA7E75BA20C2EB2F00405915 /* Sources */ = {
			isa = PBXSourcesBuildPhase;
			buildActionMask = 2147483647;
			files = (
				EA7E75C420C2EB2F00405915 /* ViewController.swift in Sources */,
				EA7E75C220C2EB2F00405915 /* AppDelegate.swift in Sources */,
				EA7E75F020C2EEBD00405915 /* DetectFaceViewController.swift in Sources */,
			);
			runOnlyForDeploymentPostprocessing = 0;
		};
		EA7E75CE20C2EB3300405915 /* Sources */ = {
			isa = PBXSourcesBuildPhase;
			buildActionMask = 2147483647;
			files = (
				EA7E75D720C2EB3300405915 /* FaceReTests.swift in Sources */,
			);
			runOnlyForDeploymentPostprocessing = 0;
		};
		EA7E75D920C2EB3300405915 /* Sources */ = {
			isa = PBXSourcesBuildPhase;
			buildActionMask = 2147483647;
			files = (
				EA7E75E220C2EB3300405915 /* FaceReUITests.swift in Sources */,
			);
			runOnlyForDeploymentPostprocessing = 0;
		};
/* End PBXSourcesBuildPhase section */

/* Begin PBXTargetDependency section */
		EA7E75D420C2EB3300405915 /* PBXTargetDependency */ = {
			isa = PBXTargetDependency;
			target = EA7E75BD20C2EB2F00405915 /* FaceRe */;
			targetProxy = EA7E75D320C2EB3300405915 /* PBXContainerItemProxy */;
		};
		EA7E75DF20C2EB3300405915 /* PBXTargetDependency */ = {
			isa = PBXTargetDependency;
			target = EA7E75BD20C2EB2F00405915 /* FaceRe */;
			targetProxy = EA7E75DE20C2EB3300405915 /* PBXContainerItemProxy */;
		};
/* End PBXTargetDependency section */

/* Begin PBXVariantGroup section */
		EA7E75C520C2EB2F00405915 /* Main.storyboard */ = {
			isa = PBXVariantGroup;
			children = (
				EA7E75C620C2EB2F00405915 /* Base */,
			);
			name = Main.storyboard;
			sourceTree = "<group>";
		};
		EA7E75CA20C2EB3200405915 /* LaunchScreen.storyboard */ = {
			isa = PBXVariantGroup;
			children = (
				EA7E75CB20C2EB3200405915 /* Base */,
			);
			name = LaunchScreen.storyboard;
			sourceTree = "<group>";
		};
/* End PBXVariantGroup section */

/* Begin XCBuildConfiguration section */
		EA7E75E420C2EB3300405915 /* Debug */ = {
			isa = XCBuildConfiguration;
			buildSettings = {
				ALWAYS_SEARCH_USER_PATHS = NO;
				CLANG_ANALYZER_NONNULL = YES;
				CLANG_ANALYZER_NUMBER_OBJECT_CONVERSION = YES_AGGRESSIVE;
				CLANG_CXX_LANGUAGE_STANDARD = "gnu++14";
				CLANG_CXX_LIBRARY = "libc++";
				CLANG_ENABLE_MODULES = YES;
				CLANG_ENABLE_OBJC_ARC = YES;
				CLANG_ENABLE_OBJC_WEAK = YES;
				CLANG_WARN_BLOCK_CAPTURE_AUTORELEASING = YES;
				CLANG_WARN_BOOL_CONVERSION = YES;
				CLANG_WARN_COMMA = YES;
				CLANG_WARN_CONSTANT_CONVERSION = YES;
				CLANG_WARN_DEPRECATED_OBJC_IMPLEMENTATIONS = YES;
				CLANG_WARN_DIRECT_OBJC_ISA_USAGE = YES_ERROR;
				CLANG_WARN_DOCUMENTATION_COMMENTS = YES;
				CLANG_WARN_EMPTY_BODY = YES;
				CLANG_WARN_ENUM_CONVERSION = YES;
				CLANG_WARN_INFINITE_RECURSION = YES;
				CLANG_WARN_INT_CONVERSION = YES;
				CLANG_WARN_NON_LITERAL_NULL_CONVERSION = YES;
				CLANG_WARN_OBJC_IMPLICIT_RETAIN_SELF = YES;
				CLANG_WARN_OBJC_LITERAL_CONVERSION = YES;
				CLANG_WARN_OBJC_ROOT_CLASS = YES_ERROR;
				CLANG_WARN_RANGE_LOOP_ANALYSIS = YES;
				CLANG_WARN_STRICT_PROTOTYPES = YES;
				CLANG_WARN_SUSPICIOUS_MOVE = YES;
				CLANG_WARN_UNGUARDED_AVAILABILITY = YES_AGGRESSIVE;
				CLANG_WARN_UNREACHABLE_CODE = YES;
				CLANG_WARN__DUPLICATE_METHOD_MATCH = YES;
				CODE_SIGN_IDENTITY = "iPhone Developer";
				COPY_PHASE_STRIP = NO;
				DEBUG_INFORMATION_FORMAT = dwarf;
				ENABLE_STRICT_OBJC_MSGSEND = YES;
				ENABLE_TESTABILITY = YES;
				GCC_C_LANGUAGE_STANDARD = gnu11;
				GCC_DYNAMIC_NO_PIC = NO;
				GCC_NO_COMMON_BLOCKS = YES;
				GCC_OPTIMIZATION_LEVEL = 0;
				GCC_PREPROCESSOR_DEFINITIONS = (
					"DEBUG=1",
					"$(inherited)",
				);
				GCC_WARN_64_TO_32_BIT_CONVERSION = YES;
				GCC_WARN_ABOUT_RETURN_TYPE = YES_ERROR;
				GCC_WARN_UNDECLARED_SELECTOR = YES;
				GCC_WARN_UNINITIALIZED_AUTOS = YES_AGGRESSIVE;
				GCC_WARN_UNUSED_FUNCTION = YES;
				GCC_WARN_UNUSED_VARIABLE = YES;
				IPHONEOS_DEPLOYMENT_TARGET = 11.4;
				MTL_ENABLE_DEBUG_INFO = YES;
				ONLY_ACTIVE_ARCH = YES;
				SDKROOT = iphoneos;
				SWIFT_ACTIVE_COMPILATION_CONDITIONS = DEBUG;
				SWIFT_OPTIMIZATION_LEVEL = "-Onone";
			};
			name = Debug;
		};
		EA7E75E520C2EB3300405915 /* Release */ = {
			isa = XCBuildConfiguration;
			buildSettings = {
				ALWAYS_SEARCH_USER_PATHS = NO;
				CLANG_ANALYZER_NONNULL = YES;
				CLANG_ANALYZER_NUMBER_OBJECT_CONVERSION = YES_AGGRESSIVE;
				CLANG_CXX_LANGUAGE_STANDARD = "gnu++14";
				CLANG_CXX_LIBRARY = "libc++";
				CLANG_ENABLE_MODULES = YES;
				CLANG_ENABLE_OBJC_ARC = YES;
				CLANG_ENABLE_OBJC_WEAK = YES;
				CLANG_WARN_BLOCK_CAPTURE_AUTORELEASING = YES;
				CLANG_WARN_BOOL_CONVERSION = YES;
				CLANG_WARN_COMMA = YES;
				CLANG_WARN_CONSTANT_CONVERSION = YES;
				CLANG_WARN_DEPRECATED_OBJC_IMPLEMENTATIONS = YES;
				CLANG_WARN_DIRECT_OBJC_ISA_USAGE = YES_ERROR;
				CLANG_WARN_DOCUMENTATION_COMMENTS = YES;
				CLANG_WARN_EMPTY_BODY = YES;
				CLANG_WARN_ENUM_CONVERSION = YES;
				CLANG_WARN_INFINITE_RECURSION = YES;
				CLANG_WARN_INT_CONVERSION = YES;
				CLANG_WARN_NON_LITERAL_NULL_CONVERSION = YES;
				CLANG_WARN_OBJC_IMPLICIT_RETAIN_SELF = YES;
				CLANG_WARN_OBJC_LITERAL_CONVERSION = YES;
				CLANG_WARN_OBJC_ROOT_CLASS = YES_ERROR;
				CLANG_WARN_RANGE_LOOP_ANALYSIS = YES;
				CLANG_WARN_STRICT_PROTOTYPES = YES;
				CLANG_WARN_SUSPICIOUS_MOVE = YES;
				CLANG_WARN_UNGUARDED_AVAILABILITY = YES_AGGRESSIVE;
				CLANG_WARN_UNREACHABLE_CODE = YES;
				CLANG_WARN__DUPLICATE_METHOD_MATCH = YES;
				CODE_SIGN_IDENTITY = "iPhone Developer";
				COPY_PHASE_STRIP = NO;
				DEBUG_INFORMATION_FORMAT = "dwarf-with-dsym";
				ENABLE_NS_ASSERTIONS = NO;
				ENABLE_STRICT_OBJC_MSGSEND = YES;
				GCC_C_LANGUAGE_STANDARD = gnu11;
				GCC_NO_COMMON_BLOCKS = YES;
				GCC_WARN_64_TO_32_BIT_CONVERSION = YES;
				GCC_WARN_ABOUT_RETURN_TYPE = YES_ERROR;
				GCC_WARN_UNDECLARED_SELECTOR = YES;
				GCC_WARN_UNINITIALIZED_AUTOS = YES_AGGRESSIVE;
				GCC_WARN_UNUSED_FUNCTION = YES;
				GCC_WARN_UNUSED_VARIABLE = YES;
				IPHONEOS_DEPLOYMENT_TARGET = 11.4;
				MTL_ENABLE_DEBUG_INFO = NO;
				SDKROOT = iphoneos;
				SWIFT_COMPILATION_MODE = wholemodule;
				SWIFT_OPTIMIZATION_LEVEL = "-O";
				VALIDATE_PRODUCT = YES;
			};
			name = Release;
		};
		EA7E75E720C2EB3300405915 /* Debug */ = {
			isa = XCBuildConfiguration;
			buildSettings = {
				ASSETCATALOG_COMPILER_APPICON_NAME = AppIcon;
				CODE_SIGN_STYLE = Automatic;
				DEVELOPMENT_TEAM = 35KQ284J6K;
				INFOPLIST_FILE = FaceRe/Info.plist;
				LD_RUNPATH_SEARCH_PATHS = (
					"$(inherited)",
					"@executable_path/Frameworks",
				);
				PRODUCT_BUNDLE_IDENTIFIER = com.onemargaro.FaceRe;
				PRODUCT_NAME = "$(TARGET_NAME)";
				SWIFT_VERSION = 4.0;
				TARGETED_DEVICE_FAMILY = "1,2";
			};
			name = Debug;
		};
		EA7E75E820C2EB3300405915 /* Release */ = {
			isa = XCBuildConfiguration;
			buildSettings = {
				ASSETCATALOG_COMPILER_APPICON_NAME = AppIcon;
				CODE_SIGN_STYLE = Automatic;
				DEVELOPMENT_TEAM = 35KQ284J6K;
				INFOPLIST_FILE = FaceRe/Info.plist;
				LD_RUNPATH_SEARCH_PATHS = (
					"$(inherited)",
					"@executable_path/Frameworks",
				);
				PRODUCT_BUNDLE_IDENTIFIER = com.onemargaro.FaceRe;
				PRODUCT_NAME = "$(TARGET_NAME)";
				SWIFT_VERSION = 4.0;
				TARGETED_DEVICE_FAMILY = "1,2";
			};
			name = Release;
		};
		EA7E75EA20C2EB3300405915 /* Debug */ = {
			isa = XCBuildConfiguration;
			buildSettings = {
				ALWAYS_EMBED_SWIFT_STANDARD_LIBRARIES = YES;
				BUNDLE_LOADER = "$(TEST_HOST)";
				CODE_SIGN_STYLE = Automatic;
				DEVELOPMENT_TEAM = 35KQ284J6K;
				INFOPLIST_FILE = FaceReTests/Info.plist;
				LD_RUNPATH_SEARCH_PATHS = (
					"$(inherited)",
					"@executable_path/Frameworks",
					"@loader_path/Frameworks",
				);
				PRODUCT_BUNDLE_IDENTIFIER = com.onemargaro.FaceReTests;
				PRODUCT_NAME = "$(TARGET_NAME)";
				SWIFT_VERSION = 4.0;
				TARGETED_DEVICE_FAMILY = "1,2";
				TEST_HOST = "$(BUILT_PRODUCTS_DIR)/FaceRe.app/FaceRe";
			};
			name = Debug;
		};
		EA7E75EB20C2EB3300405915 /* Release */ = {
			isa = XCBuildConfiguration;
			buildSettings = {
				ALWAYS_EMBED_SWIFT_STANDARD_LIBRARIES = YES;
				BUNDLE_LOADER = "$(TEST_HOST)";
				CODE_SIGN_STYLE = Automatic;
				DEVELOPMENT_TEAM = 35KQ284J6K;
				INFOPLIST_FILE = FaceReTests/Info.plist;
				LD_RUNPATH_SEARCH_PATHS = (
					"$(inherited)",
					"@executable_path/Frameworks",
					"@loader_path/Frameworks",
				);
				PRODUCT_BUNDLE_IDENTIFIER = com.onemargaro.FaceReTests;
				PRODUCT_NAME = "$(TARGET_NAME)";
				SWIFT_VERSION = 4.0;
				TARGETED_DEVICE_FAMILY = "1,2";
				TEST_HOST = "$(BUILT_PRODUCTS_DIR)/FaceRe.app/FaceRe";
			};
			name = Release;
		};
		EA7E75ED20C2EB3300405915 /* Debug */ = {
			isa = XCBuildConfiguration;
			buildSettings = {
				ALWAYS_EMBED_SWIFT_STANDARD_LIBRARIES = YES;
				CODE_SIGN_STYLE = Automatic;
				DEVELOPMENT_TEAM = 35KQ284J6K;
				INFOPLIST_FILE = FaceReUITests/Info.plist;
				LD_RUNPATH_SEARCH_PATHS = (
					"$(inherited)",
					"@executable_path/Frameworks",
					"@loader_path/Frameworks",
				);
				PRODUCT_BUNDLE_IDENTIFIER = com.onemargaro.FaceReUITests;
				PRODUCT_NAME = "$(TARGET_NAME)";
				SWIFT_VERSION = 4.0;
				TARGETED_DEVICE_FAMILY = "1,2";
				TEST_TARGET_NAME = FaceRe;
			};
			name = Debug;
		};
		EA7E75EE20C2EB3300405915 /* Release */ = {
			isa = XCBuildConfiguration;
			buildSettings = {
				ALWAYS_EMBED_SWIFT_STANDARD_LIBRARIES = YES;
				CODE_SIGN_STYLE = Automatic;
				DEVELOPMENT_TEAM = 35KQ284J6K;
				INFOPLIST_FILE = FaceReUITests/Info.plist;
				LD_RUNPATH_SEARCH_PATHS = (
					"$(inherited)",
					"@executable_path/Frameworks",
					"@loader_path/Frameworks",
				);
				PRODUCT_BUNDLE_IDENTIFIER = com.onemargaro.FaceReUITests;
				PRODUCT_NAME = "$(TARGET_NAME)";
				SWIFT_VERSION = 4.0;
				TARGETED_DEVICE_FAMILY = "1,2";
				TEST_TARGET_NAME = FaceRe;
			};
			name = Release;
		};
/* End XCBuildConfiguration section */

/* Begin XCConfigurationList section */
		EA7E75B920C2EB2F00405915 /* Build configuration list for PBXProject "FaceRe" */ = {
			isa = XCConfigurationList;
			buildConfigurations = (
				EA7E75E420C2EB3300405915 /* Debug */,
				EA7E75E520C2EB3300405915 /* Release */,
			);
			defaultConfigurationIsVisible = 0;
			defaultConfigurationName = Release;
		};
		EA7E75E620C2EB3300405915 /* Build configuration list for PBXNativeTarget "FaceRe" */ = {
			isa = XCConfigurationList;
			buildConfigurations = (
				EA7E75E720C2EB3300405915 /* Debug */,
				EA7E75E820C2EB3300405915 /* Release */,
			);
			defaultConfigurationIsVisible = 0;
			defaultConfigurationName = Release;
		};
		EA7E75E920C2EB3300405915 /* Build configuration list for PBXNativeTarget "FaceReTests" */ = {
			isa = XCConfigurationList;
			buildConfigurations = (
				EA7E75EA20C2EB3300405915 /* Debug */,
				EA7E75EB20C2EB3300405915 /* Release */,
			);
			defaultConfigurationIsVisible = 0;
			defaultConfigurationName = Release;
		};
		EA7E75EC20C2EB3300405915 /* Build configuration list for PBXNativeTarget "FaceReUITests" */ = {
			isa = XCConfigurationList;
			buildConfigurations = (
				EA7E75ED20C2EB3300405915 /* Debug */,
				EA7E75EE20C2EB3300405915 /* Release */,
			);
			defaultConfigurationIsVisible = 0;
			defaultConfigurationName = Release;
		};
/* End XCConfigurationList section */
	};
	rootObject = EA7E75B620C2EB2F00405915 /* Project object */;
}
