// !$*UTF8*$!
{
	archiveVersion = 1;
	classes = {
	};
	objectVersion = 48;
	objects = {

/* Begin PBXBuildFile section */
		EA44081E207FBE7B00F1C2E4 /* MapKit.framework in Frameworks */ = {isa = PBXBuildFile; fileRef = EA44081D207FBE7A00F1C2E4 /* MapKit.framework */; };
		EA440820207FC2B500F1C2E4 /* MapViewController.swift in Sources */ = {isa = PBXBuildFile; fileRef = EA44081F207FC2B500F1C2E4 /* MapViewController.swift */; };
		EAAE56B92052315B0068C1D4 /* AppDelegate.swift in Sources */ = {isa = PBXBuildFile; fileRef = EAAE56B82052315B0068C1D4 /* AppDelegate.swift */; };
		EAAE56BE2052315B0068C1D4 /* Main.storyboard in Resources */ = {isa = PBXBuildFile; fileRef = EAAE56BC2052315B0068C1D4 /* Main.storyboard */; };
		EAAE56C02052315B0068C1D4 /* Assets.xcassets in Resources */ = {isa = PBXBuildFile; fileRef = EAAE56BF2052315B0068C1D4 /* Assets.xcassets */; };
		EAAE56C32052315B0068C1D4 /* LaunchScreen.storyboard in Resources */ = {isa = PBXBuildFile; fileRef = EAAE56C12052315B0068C1D4 /* LaunchScreen.storyboard */; };
		EAAE56CE2052315C0068C1D4 /* WorldTrotterTests.swift in Sources */ = {isa = PBXBuildFile; fileRef = EAAE56CD2052315C0068C1D4 /* WorldTrotterTests.swift */; };
		EAAE56D92052315C0068C1D4 /* WorldTrotterUITests.swift in Sources */ = {isa = PBXBuildFile; fileRef = EAAE56D82052315C0068C1D4 /* WorldTrotterUITests.swift */; };
		EABD6C9A2073DC810094B967 /* ConversionViewController.swift in Sources */ = {isa = PBXBuildFile; fileRef = EABD6C992073DC810094B967 /* ConversionViewController.swift */; };
/* End PBXBuildFile section */

/* Begin PBXContainerItemProxy section */
		EAAE56CA2052315C0068C1D4 /* PBXContainerItemProxy */ = {
			isa = PBXContainerItemProxy;
			containerPortal = EAAE56AD2052315B0068C1D4 /* Project object */;
			proxyType = 1;
			remoteGlobalIDString = EAAE56B42052315B0068C1D4;
			remoteInfo = WorldTrotter;
		};
		EAAE56D52052315C0068C1D4 /* PBXContainerItemProxy */ = {
			isa = PBXContainerItemProxy;
			containerPortal = EAAE56AD2052315B0068C1D4 /* Project object */;
			proxyType = 1;
			remoteGlobalIDString = EAAE56B42052315B0068C1D4;
			remoteInfo = WorldTrotter;
		};
/* End PBXContainerItemProxy section */

/* Begin PBXFileReference section */
		EA44081D207FBE7A00F1C2E4 /* MapKit.framework */ = {isa = PBXFileReference; lastKnownFileType = wrapper.framework; name = MapKit.framework; path = System/Library/Frameworks/MapKit.framework; sourceTree = SDKROOT; };
		EA44081F207FC2B500F1C2E4 /* MapViewController.swift */ = {isa = PBXFileReference; lastKnownFileType = sourcecode.swift; path = MapViewController.swift; sourceTree = "<group>"; };
		EAAE56B52052315B0068C1D4 /* WorldTrotter.app */ = {isa = PBXFileReference; explicitFileType = wrapper.application; includeInIndex = 0; path = WorldTrotter.app; sourceTree = BUILT_PRODUCTS_DIR; };
		EAAE56B82052315B0068C1D4 /* AppDelegate.swift */ = {isa = PBXFileReference; lastKnownFileType = sourcecode.swift; path = AppDelegate.swift; sourceTree = "<group>"; };
		EAAE56BD2052315B0068C1D4 /* Base */ = {isa = PBXFileReference; lastKnownFileType = file.storyboard; name = Base; path = Base.lproj/Main.storyboard; sourceTree = "<group>"; };
		EAAE56BF2052315B0068C1D4 /* Assets.xcassets */ = {isa = PBXFileReference; lastKnownFileType = folder.assetcatalog; path = Assets.xcassets; sourceTree = "<group>"; };
		EAAE56C22052315B0068C1D4 /* Base */ = {isa = PBXFileReference; lastKnownFileType = file.storyboard; name = Base; path = Base.lproj/LaunchScreen.storyboard; sourceTree = "<group>"; };
		EAAE56C42052315B0068C1D4 /* Info.plist */ = {isa = PBXFileReference; lastKnownFileType = text.plist.xml; path = Info.plist; sourceTree = "<group>"; };
		EAAE56C92052315C0068C1D4 /* WorldTrotterTests.xctest */ = {isa = PBXFileReference; explicitFileType = wrapper.cfbundle; includeInIndex = 0; path = WorldTrotterTests.xctest; sourceTree = BUILT_PRODUCTS_DIR; };
		EAAE56CD2052315C0068C1D4 /* WorldTrotterTests.swift */ = {isa = PBXFileReference; lastKnownFileType = sourcecode.swift; path = WorldTrotterTests.swift; sourceTree = "<group>"; };
		EAAE56CF2052315C0068C1D4 /* Info.plist */ = {isa = PBXFileReference; lastKnownFileType = text.plist.xml; path = Info.plist; sourceTree = "<group>"; };
		EAAE56D42052315C0068C1D4 /* WorldTrotterUITests.xctest */ = {isa = PBXFileReference; explicitFileType = wrapper.cfbundle; includeInIndex = 0; path = WorldTrotterUITests.xctest; sourceTree = BUILT_PRODUCTS_DIR; };
		EAAE56D82052315C0068C1D4 /* WorldTrotterUITests.swift */ = {isa = PBXFileReference; lastKnownFileType = sourcecode.swift; path = WorldTrotterUITests.swift; sourceTree = "<group>"; };
		EAAE56DA2052315C0068C1D4 /* Info.plist */ = {isa = PBXFileReference; lastKnownFileType = text.plist.xml; path = Info.plist; sourceTree = "<group>"; };
		EABD6C992073DC810094B967 /* ConversionViewController.swift */ = {isa = PBXFileReference; lastKnownFileType = sourcecode.swift; path = ConversionViewController.swift; sourceTree = "<group>"; };
/* End PBXFileReference section */

/* Begin PBXFrameworksBuildPhase section */
		EAAE56B22052315B0068C1D4 /* Frameworks */ = {
			isa = PBXFrameworksBuildPhase;
			buildActionMask = 2147483647;
			files = (
				EA44081E207FBE7B00F1C2E4 /* MapKit.framework in Frameworks */,
			);
			runOnlyForDeploymentPostprocessing = 0;
		};
		EAAE56C62052315C0068C1D4 /* Frameworks */ = {
			isa = PBXFrameworksBuildPhase;
			buildActionMask = 2147483647;
			files = (
			);
			runOnlyForDeploymentPostprocessing = 0;
		};
		EAAE56D12052315C0068C1D4 /* Frameworks */ = {
			isa = PBXFrameworksBuildPhase;
			buildActionMask = 2147483647;
			files = (
			);
			runOnlyForDeploymentPostprocessing = 0;
		};
/* End PBXFrameworksBuildPhase section */

/* Begin PBXGroup section */
		EA44081C207FBE7A00F1C2E4 /* Frameworks */ = {
			isa = PBXGroup;
			children = (
				EA44081D207FBE7A00F1C2E4 /* MapKit.framework */,
			);
			name = Frameworks;
			sourceTree = "<group>";
		};
		EAAE56AC2052315B0068C1D4 = {
			isa = PBXGroup;
			children = (
				EAAE56B72052315B0068C1D4 /* WorldTrotter */,
				EAAE56CC2052315C0068C1D4 /* WorldTrotterTests */,
				EAAE56D72052315C0068C1D4 /* WorldTrotterUITests */,
				EAAE56B62052315B0068C1D4 /* Products */,
				EA44081C207FBE7A00F1C2E4 /* Frameworks */,
			);
			sourceTree = "<group>";
		};
		EAAE56B62052315B0068C1D4 /* Products */ = {
			isa = PBXGroup;
			children = (
				EAAE56B52052315B0068C1D4 /* WorldTrotter.app */,
				EAAE56C92052315C0068C1D4 /* WorldTrotterTests.xctest */,
				EAAE56D42052315C0068C1D4 /* WorldTrotterUITests.xctest */,
			);
			name = Products;
			sourceTree = "<group>";
		};
		EAAE56B72052315B0068C1D4 /* WorldTrotter */ = {
			isa = PBXGroup;
			children = (
				EAAE56B82052315B0068C1D4 /* AppDelegate.swift */,
				EAAE56BC2052315B0068C1D4 /* Main.storyboard */,
				EA44081F207FC2B500F1C2E4 /* MapViewController.swift */,
				EAAE56BF2052315B0068C1D4 /* Assets.xcassets */,
				EAAE56C12052315B0068C1D4 /* LaunchScreen.storyboard */,
				EAAE56C42052315B0068C1D4 /* Info.plist */,
				EABD6C992073DC810094B967 /* ConversionViewController.swift */,
			);
			path = WorldTrotter;
			sourceTree = "<group>";
		};
		EAAE56CC2052315C0068C1D4 /* WorldTrotterTests */ = {
			isa = PBXGroup;
			children = (
				EAAE56CD2052315C0068C1D4 /* WorldTrotterTests.swift */,
				EAAE56CF2052315C0068C1D4 /* Info.plist */,
			);
			path = WorldTrotterTests;
			sourceTree = "<group>";
		};
		EAAE56D72052315C0068C1D4 /* WorldTrotterUITests */ = {
			isa = PBXGroup;
			children = (
				EAAE56D82052315C0068C1D4 /* WorldTrotterUITests.swift */,
				EAAE56DA2052315C0068C1D4 /* Info.plist */,
			);
			path = WorldTrotterUITests;
			sourceTree = "<group>";
		};
/* End PBXGroup section */

/* Begin PBXNativeTarget section */
		EAAE56B42052315B0068C1D4 /* WorldTrotter */ = {
			isa = PBXNativeTarget;
			buildConfigurationList = EAAE56DD2052315C0068C1D4 /* Build configuration list for PBXNativeTarget "WorldTrotter" */;
			buildPhases = (
				EAAE56B12052315B0068C1D4 /* Sources */,
				EAAE56B22052315B0068C1D4 /* Frameworks */,
				EAAE56B32052315B0068C1D4 /* Resources */,
			);
			buildRules = (
			);
			dependencies = (
			);
			name = WorldTrotter;
			productName = WorldTrotter;
			productReference = EAAE56B52052315B0068C1D4 /* WorldTrotter.app */;
			productType = "com.apple.product-type.application";
		};
		EAAE56C82052315C0068C1D4 /* WorldTrotterTests */ = {
			isa = PBXNativeTarget;
			buildConfigurationList = EAAE56E02052315C0068C1D4 /* Build configuration list for PBXNativeTarget "WorldTrotterTests" */;
			buildPhases = (
				EAAE56C52052315C0068C1D4 /* Sources */,
				EAAE56C62052315C0068C1D4 /* Frameworks */,
				EAAE56C72052315C0068C1D4 /* Resources */,
			);
			buildRules = (
			);
			dependencies = (
				EAAE56CB2052315C0068C1D4 /* PBXTargetDependency */,
			);
			name = WorldTrotterTests;
			productName = WorldTrotterTests;
			productReference = EAAE56C92052315C0068C1D4 /* WorldTrotterTests.xctest */;
			productType = "com.apple.product-type.bundle.unit-test";
		};
		EAAE56D32052315C0068C1D4 /* WorldTrotterUITests */ = {
			isa = PBXNativeTarget;
			buildConfigurationList = EAAE56E32052315C0068C1D4 /* Build configuration list for PBXNativeTarget "WorldTrotterUITests" */;
			buildPhases = (
				EAAE56D02052315C0068C1D4 /* Sources */,
				EAAE56D12052315C0068C1D4 /* Frameworks */,
				EAAE56D22052315C0068C1D4 /* Resources */,
			);
			buildRules = (
			);
			dependencies = (
				EAAE56D62052315C0068C1D4 /* PBXTargetDependency */,
			);
			name = WorldTrotterUITests;
			productName = WorldTrotterUITests;
			productReference = EAAE56D42052315C0068C1D4 /* WorldTrotterUITests.xctest */;
			productType = "com.apple.product-type.bundle.ui-testing";
		};
/* End PBXNativeTarget section */

/* Begin PBXProject section */
		EAAE56AD2052315B0068C1D4 /* Project object */ = {
			isa = PBXProject;
			attributes = {
				LastSwiftUpdateCheck = 0920;
				LastUpgradeCheck = 0920;
				ORGANIZATIONNAME = Margaro;
				TargetAttributes = {
					EAAE56B42052315B0068C1D4 = {
						CreatedOnToolsVersion = 9.2;
						ProvisioningStyle = Automatic;
					};
					EAAE56C82052315C0068C1D4 = {
						CreatedOnToolsVersion = 9.2;
						ProvisioningStyle = Automatic;
						TestTargetID = EAAE56B42052315B0068C1D4;
					};
					EAAE56D32052315C0068C1D4 = {
						CreatedOnToolsVersion = 9.2;
						ProvisioningStyle = Automatic;
						TestTargetID = EAAE56B42052315B0068C1D4;
					};
				};
			};
			buildConfigurationList = EAAE56B02052315B0068C1D4 /* Build configuration list for PBXProject "WorldTrotter" */;
			compatibilityVersion = "Xcode 8.0";
			developmentRegion = en;
			hasScannedForEncodings = 0;
			knownRegions = (
				en,
				Base,
			);
			mainGroup = EAAE56AC2052315B0068C1D4;
			productRefGroup = EAAE56B62052315B0068C1D4 /* Products */;
			projectDirPath = "";
			projectRoot = "";
			targets = (
				EAAE56B42052315B0068C1D4 /* WorldTrotter */,
				EAAE56C82052315C0068C1D4 /* WorldTrotterTests */,
				EAAE56D32052315C0068C1D4 /* WorldTrotterUITests */,
			);
		};
/* End PBXProject section */

/* Begin PBXResourcesBuildPhase section */
		EAAE56B32052315B0068C1D4 /* Resources */ = {
			isa = PBXResourcesBuildPhase;
			buildActionMask = 2147483647;
			files = (
				EAAE56C32052315B0068C1D4 /* LaunchScreen.storyboard in Resources */,
				EAAE56C02052315B0068C1D4 /* Assets.xcassets in Resources */,
				EAAE56BE2052315B0068C1D4 /* Main.storyboard in Resources */,
			);
			runOnlyForDeploymentPostprocessing = 0;
		};
		EAAE56C72052315C0068C1D4 /* Resources */ = {
			isa = PBXResourcesBuildPhase;
			buildActionMask = 2147483647;
			files = (
			);
			runOnlyForDeploymentPostprocessing = 0;
		};
		EAAE56D22052315C0068C1D4 /* Resources */ = {
			isa = PBXResourcesBuildPhase;
			buildActionMask = 2147483647;
			files = (
			);
			runOnlyForDeploymentPostprocessing = 0;
		};
/* End PBXResourcesBuildPhase section */

/* Begin PBXSourcesBuildPhase section */
		EAAE56B12052315B0068C1D4 /* Sources */ = {
			isa = PBXSourcesBuildPhase;
			buildActionMask = 2147483647;
			files = (
				EABD6C9A2073DC810094B967 /* ConversionViewController.swift in Sources */,
				EA440820207FC2B500F1C2E4 /* MapViewController.swift in Sources */,
				EAAE56B92052315B0068C1D4 /* AppDelegate.swift in Sources */,
			);
			runOnlyForDeploymentPostprocessing = 0;
		};
		EAAE56C52052315C0068C1D4 /* Sources */ = {
			isa = PBXSourcesBuildPhase;
			buildActionMask = 2147483647;
			files = (
				EAAE56CE2052315C0068C1D4 /* WorldTrotterTests.swift in Sources */,
			);
			runOnlyForDeploymentPostprocessing = 0;
		};
		EAAE56D02052315C0068C1D4 /* Sources */ = {
			isa = PBXSourcesBuildPhase;
			buildActionMask = 2147483647;
			files = (
				EAAE56D92052315C0068C1D4 /* WorldTrotterUITests.swift in Sources */,
			);
			runOnlyForDeploymentPostprocessing = 0;
		};
/* End PBXSourcesBuildPhase section */

/* Begin PBXTargetDependency section */
		EAAE56CB2052315C0068C1D4 /* PBXTargetDependency */ = {
			isa = PBXTargetDependency;
			target = EAAE56B42052315B0068C1D4 /* WorldTrotter */;
			targetProxy = EAAE56CA2052315C0068C1D4 /* PBXContainerItemProxy */;
		};
		EAAE56D62052315C0068C1D4 /* PBXTargetDependency */ = {
			isa = PBXTargetDependency;
			target = EAAE56B42052315B0068C1D4 /* WorldTrotter */;
			targetProxy = EAAE56D52052315C0068C1D4 /* PBXContainerItemProxy */;
		};
/* End PBXTargetDependency section */

/* Begin PBXVariantGroup section */
		EAAE56BC2052315B0068C1D4 /* Main.storyboard */ = {
			isa = PBXVariantGroup;
			children = (
				EAAE56BD2052315B0068C1D4 /* Base */,
			);
			name = Main.storyboard;
			sourceTree = "<group>";
		};
		EAAE56C12052315B0068C1D4 /* LaunchScreen.storyboard */ = {
			isa = PBXVariantGroup;
			children = (
				EAAE56C22052315B0068C1D4 /* Base */,
			);
			name = LaunchScreen.storyboard;
			sourceTree = "<group>";
		};
/* End PBXVariantGroup section */

/* Begin XCBuildConfiguration section */
		EAAE56DB2052315C0068C1D4 /* Debug */ = {
			isa = XCBuildConfiguration;
			buildSettings = {
				ALWAYS_SEARCH_USER_PATHS = NO;
				CLANG_ANALYZER_NONNULL = YES;
				CLANG_ANALYZER_NUMBER_OBJECT_CONVERSION = YES_AGGRESSIVE;
				CLANG_CXX_LANGUAGE_STANDARD = "gnu++14";
				CLANG_CXX_LIBRARY = "libc++";
				CLANG_ENABLE_MODULES = YES;
				CLANG_ENABLE_OBJC_ARC = YES;
				CLANG_WARN_BLOCK_CAPTURE_AUTORELEASING = YES;
				CLANG_WARN_BOOL_CONVERSION = YES;
				CLANG_WARN_COMMA = YES;
				CLANG_WARN_CONSTANT_CONVERSION = YES;
				CLANG_WARN_DIRECT_OBJC_ISA_USAGE = YES_ERROR;
				CLANG_WARN_DOCUMENTATION_COMMENTS = YES;
				CLANG_WARN_EMPTY_BODY = YES;
				CLANG_WARN_ENUM_CONVERSION = YES;
				CLANG_WARN_INFINITE_RECURSION = YES;
				CLANG_WARN_INT_CONVERSION = YES;
				CLANG_WARN_NON_LITERAL_NULL_CONVERSION = YES;
				CLANG_WARN_OBJC_LITERAL_CONVERSION = YES;
				CLANG_WARN_OBJC_ROOT_CLASS = YES_ERROR;
				CLANG_WARN_RANGE_LOOP_ANALYSIS = YES;
				CLANG_WARN_STRICT_PROTOTYPES = YES;
				CLANG_WARN_SUSPICIOUS_MOVE = YES;
				CLANG_WARN_UNGUARDED_AVAILABILITY = YES_AGGRESSIVE;
				CLANG_WARN_UNREACHABLE_CODE = YES;
				CLANG_WARN__DUPLICATE_METHOD_MATCH = YES;
				CODE_SIGN_IDENTITY = "iPhone Developer";
				COPY_PHASE_STRIP = NO;
				DEBUG_INFORMATION_FORMAT = dwarf;
				ENABLE_STRICT_OBJC_MSGSEND = YES;
				ENABLE_TESTABILITY = YES;
				GCC_C_LANGUAGE_STANDARD = gnu11;
				GCC_DYNAMIC_NO_PIC = NO;
				GCC_NO_COMMON_BLOCKS = YES;
				GCC_OPTIMIZATION_LEVEL = 0;
				GCC_PREPROCESSOR_DEFINITIONS = (
					"DEBUG=1",
					"$(inherited)",
				);
				GCC_WARN_64_TO_32_BIT_CONVERSION = YES;
				GCC_WARN_ABOUT_RETURN_TYPE = YES_ERROR;
				GCC_WARN_UNDECLARED_SELECTOR = YES;
				GCC_WARN_UNINITIALIZED_AUTOS = YES_AGGRESSIVE;
				GCC_WARN_UNUSED_FUNCTION = YES;
				GCC_WARN_UNUSED_VARIABLE = YES;
				IPHONEOS_DEPLOYMENT_TARGET = 11.2;
				MTL_ENABLE_DEBUG_INFO = YES;
				ONLY_ACTIVE_ARCH = YES;
				SDKROOT = iphoneos;
				SWIFT_ACTIVE_COMPILATION_CONDITIONS = DEBUG;
				SWIFT_OPTIMIZATION_LEVEL = "-Onone";
			};
			name = Debug;
		};
		EAAE56DC2052315C0068C1D4 /* Release */ = {
			isa = XCBuildConfiguration;
			buildSettings = {
				ALWAYS_SEARCH_USER_PATHS = NO;
				CLANG_ANALYZER_NONNULL = YES;
				CLANG_ANALYZER_NUMBER_OBJECT_CONVERSION = YES_AGGRESSIVE;
				CLANG_CXX_LANGUAGE_STANDARD = "gnu++14";
				CLANG_CXX_LIBRARY = "libc++";
				CLANG_ENABLE_MODULES = YES;
				CLANG_ENABLE_OBJC_ARC = YES;
				CLANG_WARN_BLOCK_CAPTURE_AUTORELEASING = YES;
				CLANG_WARN_BOOL_CONVERSION = YES;
				CLANG_WARN_COMMA = YES;
				CLANG_WARN_CONSTANT_CONVERSION = YES;
				CLANG_WARN_DIRECT_OBJC_ISA_USAGE = YES_ERROR;
				CLANG_WARN_DOCUMENTATION_COMMENTS = YES;
				CLANG_WARN_EMPTY_BODY = YES;
				CLANG_WARN_ENUM_CONVERSION = YES;
				CLANG_WARN_INFINITE_RECURSION = YES;
				CLANG_WARN_INT_CONVERSION = YES;
				CLANG_WARN_NON_LITERAL_NULL_CONVERSION = YES;
				CLANG_WARN_OBJC_LITERAL_CONVERSION = YES;
				CLANG_WARN_OBJC_ROOT_CLASS = YES_ERROR;
				CLANG_WARN_RANGE_LOOP_ANALYSIS = YES;
				CLANG_WARN_STRICT_PROTOTYPES = YES;
				CLANG_WARN_SUSPICIOUS_MOVE = YES;
				CLANG_WARN_UNGUARDED_AVAILABILITY = YES_AGGRESSIVE;
				CLANG_WARN_UNREACHABLE_CODE = YES;
				CLANG_WARN__DUPLICATE_METHOD_MATCH = YES;
				CODE_SIGN_IDENTITY = "iPhone Developer";
				COPY_PHASE_STRIP = NO;
				DEBUG_INFORMATION_FORMAT = "dwarf-with-dsym";
				ENABLE_NS_ASSERTIONS = NO;
				ENABLE_STRICT_OBJC_MSGSEND = YES;
				GCC_C_LANGUAGE_STANDARD = gnu11;
				GCC_NO_COMMON_BLOCKS = YES;
				GCC_WARN_64_TO_32_BIT_CONVERSION = YES;
				GCC_WARN_ABOUT_RETURN_TYPE = YES_ERROR;
				GCC_WARN_UNDECLARED_SELECTOR = YES;
				GCC_WARN_UNINITIALIZED_AUTOS = YES_AGGRESSIVE;
				GCC_WARN_UNUSED_FUNCTION = YES;
				GCC_WARN_UNUSED_VARIABLE = YES;
				IPHONEOS_DEPLOYMENT_TARGET = 11.2;
				MTL_ENABLE_DEBUG_INFO = NO;
				SDKROOT = iphoneos;
				SWIFT_OPTIMIZATION_LEVEL = "-Owholemodule";
				VALIDATE_PRODUCT = YES;
			};
			name = Release;
		};
		EAAE56DE2052315C0068C1D4 /* Debug */ = {
			isa = XCBuildConfiguration;
			buildSettings = {
				ASSETCATALOG_COMPILER_APPICON_NAME = AppIcon;
				CODE_SIGN_STYLE = Automatic;
				DEVELOPMENT_TEAM = 35KQ284J6K;
				INFOPLIST_FILE = WorldTrotter/Info.plist;
				LD_RUNPATH_SEARCH_PATHS = "$(inherited) @executable_path/Frameworks";
				PRODUCT_BUNDLE_IDENTIFIER = com.onemargaro.WorldTrotter;
				PRODUCT_NAME = "$(TARGET_NAME)";
				SWIFT_VERSION = 4.0;
				TARGETED_DEVICE_FAMILY = "1,2";
			};
			name = Debug;
		};
		EAAE56DF2052315C0068C1D4 /* Release */ = {
			isa = XCBuildConfiguration;
			buildSettings = {
				ASSETCATALOG_COMPILER_APPICON_NAME = AppIcon;
				CODE_SIGN_STYLE = Automatic;
				DEVELOPMENT_TEAM = 35KQ284J6K;
				INFOPLIST_FILE = WorldTrotter/Info.plist;
				LD_RUNPATH_SEARCH_PATHS = "$(inherited) @executable_path/Frameworks";
				PRODUCT_BUNDLE_IDENTIFIER = com.onemargaro.WorldTrotter;
				PRODUCT_NAME = "$(TARGET_NAME)";
				SWIFT_VERSION = 4.0;
				TARGETED_DEVICE_FAMILY = "1,2";
			};
			name = Release;
		};
		EAAE56E12052315C0068C1D4 /* Debug */ = {
			isa = XCBuildConfiguration;
			buildSettings = {
				ALWAYS_EMBED_SWIFT_STANDARD_LIBRARIES = YES;
				BUNDLE_LOADER = "$(TEST_HOST)";
				CODE_SIGN_STYLE = Automatic;
				DEVELOPMENT_TEAM = 35KQ284J6K;
				INFOPLIST_FILE = WorldTrotterTests/Info.plist;
				LD_RUNPATH_SEARCH_PATHS = "$(inherited) @executable_path/Frameworks @loader_path/Frameworks";
				PRODUCT_BUNDLE_IDENTIFIER = com.onemargaro.WorldTrotterTests;
				PRODUCT_NAME = "$(TARGET_NAME)";
				SWIFT_VERSION = 4.0;
				TARGETED_DEVICE_FAMILY = "1,2";
				TEST_HOST = "$(BUILT_PRODUCTS_DIR)/WorldTrotter.app/WorldTrotter";
			};
			name = Debug;
		};
		EAAE56E22052315C0068C1D4 /* Release */ = {
			isa = XCBuildConfiguration;
			buildSettings = {
				ALWAYS_EMBED_SWIFT_STANDARD_LIBRARIES = YES;
				BUNDLE_LOADER = "$(TEST_HOST)";
				CODE_SIGN_STYLE = Automatic;
				DEVELOPMENT_TEAM = 35KQ284J6K;
				INFOPLIST_FILE = WorldTrotterTests/Info.plist;
				LD_RUNPATH_SEARCH_PATHS = "$(inherited) @executable_path/Frameworks @loader_path/Frameworks";
				PRODUCT_BUNDLE_IDENTIFIER = com.onemargaro.WorldTrotterTests;
				PRODUCT_NAME = "$(TARGET_NAME)";
				SWIFT_VERSION = 4.0;
				TARGETED_DEVICE_FAMILY = "1,2";
				TEST_HOST = "$(BUILT_PRODUCTS_DIR)/WorldTrotter.app/WorldTrotter";
			};
			name = Release;
		};
		EAAE56E42052315C0068C1D4 /* Debug */ = {
			isa = XCBuildConfiguration;
			buildSettings = {
				ALWAYS_EMBED_SWIFT_STANDARD_LIBRARIES = YES;
				CODE_SIGN_STYLE = Automatic;
				DEVELOPMENT_TEAM = 35KQ284J6K;
				INFOPLIST_FILE = WorldTrotterUITests/Info.plist;
				LD_RUNPATH_SEARCH_PATHS = "$(inherited) @executable_path/Frameworks @loader_path/Frameworks";
				PRODUCT_BUNDLE_IDENTIFIER = com.onemargaro.WorldTrotterUITests;
				PRODUCT_NAME = "$(TARGET_NAME)";
				SWIFT_VERSION = 4.0;
				TARGETED_DEVICE_FAMILY = "1,2";
				TEST_TARGET_NAME = WorldTrotter;
			};
			name = Debug;
		};
		EAAE56E52052315C0068C1D4 /* Release */ = {
			isa = XCBuildConfiguration;
			buildSettings = {
				ALWAYS_EMBED_SWIFT_STANDARD_LIBRARIES = YES;
				CODE_SIGN_STYLE = Automatic;
				DEVELOPMENT_TEAM = 35KQ284J6K;
				INFOPLIST_FILE = WorldTrotterUITests/Info.plist;
				LD_RUNPATH_SEARCH_PATHS = "$(inherited) @executable_path/Frameworks @loader_path/Frameworks";
				PRODUCT_BUNDLE_IDENTIFIER = com.onemargaro.WorldTrotterUITests;
				PRODUCT_NAME = "$(TARGET_NAME)";
				SWIFT_VERSION = 4.0;
				TARGETED_DEVICE_FAMILY = "1,2";
				TEST_TARGET_NAME = WorldTrotter;
			};
			name = Release;
		};
/* End XCBuildConfiguration section */

/* Begin XCConfigurationList section */
		EAAE56B02052315B0068C1D4 /* Build configuration list for PBXProject "WorldTrotter" */ = {
			isa = XCConfigurationList;
			buildConfigurations = (
				EAAE56DB2052315C0068C1D4 /* Debug */,
				EAAE56DC2052315C0068C1D4 /* Release */,
			);
			defaultConfigurationIsVisible = 0;
			defaultConfigurationName = Release;
		};
		EAAE56DD2052315C0068C1D4 /* Build configuration list for PBXNativeTarget "WorldTrotter" */ = {
			isa = XCConfigurationList;
			buildConfigurations = (
				EAAE56DE2052315C0068C1D4 /* Debug */,
				EAAE56DF2052315C0068C1D4 /* Release */,
			);
			defaultConfigurationIsVisible = 0;
			defaultConfigurationName = Release;
		};
		EAAE56E02052315C0068C1D4 /* Build configuration list for PBXNativeTarget "WorldTrotterTests" */ = {
			isa = XCConfigurationList;
			buildConfigurations = (
				EAAE56E12052315C0068C1D4 /* Debug */,
				EAAE56E22052315C0068C1D4 /* Release */,
			);
			defaultConfigurationIsVisible = 0;
			defaultConfigurationName = Release;
		};
		EAAE56E32052315C0068C1D4 /* Build configuration list for PBXNativeTarget "WorldTrotterUITests" */ = {
			isa = XCConfigurationList;
			buildConfigurations = (
				EAAE56E42052315C0068C1D4 /* Debug */,
				EAAE56E52052315C0068C1D4 /* Release */,
			);
			defaultConfigurationIsVisible = 0;
			defaultConfigurationName = Release;
		};
/* End XCConfigurationList section */
	};
	rootObject = EAAE56AD2052315B0068C1D4 /* Project object */;
}
