// !$*UTF8*$!
{
	archiveVersion = 1;
	classes = {
	};
	objectVersion = 48;
	objects = {

/* Begin PBXBuildFile section */
		EAAE572D20535E120068C1D4 /* AppDelegate.swift in Sources */ = {isa = PBXBuildFile; fileRef = EAAE572C20535E120068C1D4 /* AppDelegate.swift */; };
		EAAE572F20535E120068C1D4 /* ViewController.swift in Sources */ = {isa = PBXBuildFile; fileRef = EAAE572E20535E120068C1D4 /* ViewController.swift */; };
		EAAE573220535E120068C1D4 /* Main.storyboard in Resources */ = {isa = PBXBuildFile; fileRef = EAAE573020535E120068C1D4 /* Main.storyboard */; };
		EAAE573420535E120068C1D4 /* Assets.xcassets in Resources */ = {isa = PBXBuildFile; fileRef = EAAE573320535E120068C1D4 /* Assets.xcassets */; };
		EAAE573720535E120068C1D4 /* LaunchScreen.storyboard in Resources */ = {isa = PBXBuildFile; fileRef = EAAE573520535E120068C1D4 /* LaunchScreen.storyboard */; };
		EAAE574220535E120068C1D4 /* seguesProgramaticosTests.swift in Sources */ = {isa = PBXBuildFile; fileRef = EAAE574120535E120068C1D4 /* seguesProgramaticosTests.swift */; };
		EAAE574D20535E120068C1D4 /* seguesProgramaticosUITests.swift in Sources */ = {isa = PBXBuildFile; fileRef = EAAE574C20535E120068C1D4 /* seguesProgramaticosUITests.swift */; };
/* End PBXBuildFile section */

/* Begin PBXContainerItemProxy section */
		EAAE573E20535E120068C1D4 /* PBXContainerItemProxy */ = {
			isa = PBXContainerItemProxy;
			containerPortal = EAAE572120535E120068C1D4 /* Project object */;
			proxyType = 1;
			remoteGlobalIDString = EAAE572820535E120068C1D4;
			remoteInfo = seguesProgramaticos;
		};
		EAAE574920535E120068C1D4 /* PBXContainerItemProxy */ = {
			isa = PBXContainerItemProxy;
			containerPortal = EAAE572120535E120068C1D4 /* Project object */;
			proxyType = 1;
			remoteGlobalIDString = EAAE572820535E120068C1D4;
			remoteInfo = seguesProgramaticos;
		};
/* End PBXContainerItemProxy section */

/* Begin PBXFileReference section */
		EAAE572920535E120068C1D4 /* seguesProgramaticos.app */ = {isa = PBXFileReference; explicitFileType = wrapper.application; includeInIndex = 0; path = seguesProgramaticos.app; sourceTree = BUILT_PRODUCTS_DIR; };
		EAAE572C20535E120068C1D4 /* AppDelegate.swift */ = {isa = PBXFileReference; lastKnownFileType = sourcecode.swift; path = AppDelegate.swift; sourceTree = "<group>"; };
		EAAE572E20535E120068C1D4 /* ViewController.swift */ = {isa = PBXFileReference; lastKnownFileType = sourcecode.swift; path = ViewController.swift; sourceTree = "<group>"; };
		EAAE573120535E120068C1D4 /* Base */ = {isa = PBXFileReference; lastKnownFileType = file.storyboard; name = Base; path = Base.lproj/Main.storyboard; sourceTree = "<group>"; };
		EAAE573320535E120068C1D4 /* Assets.xcassets */ = {isa = PBXFileReference; lastKnownFileType = folder.assetcatalog; path = Assets.xcassets; sourceTree = "<group>"; };
		EAAE573620535E120068C1D4 /* Base */ = {isa = PBXFileReference; lastKnownFileType = file.storyboard; name = Base; path = Base.lproj/LaunchScreen.storyboard; sourceTree = "<group>"; };
		EAAE573820535E120068C1D4 /* Info.plist */ = {isa = PBXFileReference; lastKnownFileType = text.plist.xml; path = Info.plist; sourceTree = "<group>"; };
		EAAE573D20535E120068C1D4 /* seguesProgramaticosTests.xctest */ = {isa = PBXFileReference; explicitFileType = wrapper.cfbundle; includeInIndex = 0; path = seguesProgramaticosTests.xctest; sourceTree = BUILT_PRODUCTS_DIR; };
		EAAE574120535E120068C1D4 /* seguesProgramaticosTests.swift */ = {isa = PBXFileReference; lastKnownFileType = sourcecode.swift; path = seguesProgramaticosTests.swift; sourceTree = "<group>"; };
		EAAE574320535E120068C1D4 /* Info.plist */ = {isa = PBXFileReference; lastKnownFileType = text.plist.xml; path = Info.plist; sourceTree = "<group>"; };
		EAAE574820535E120068C1D4 /* seguesProgramaticosUITests.xctest */ = {isa = PBXFileReference; explicitFileType = wrapper.cfbundle; includeInIndex = 0; path = seguesProgramaticosUITests.xctest; sourceTree = BUILT_PRODUCTS_DIR; };
		EAAE574C20535E120068C1D4 /* seguesProgramaticosUITests.swift */ = {isa = PBXFileReference; lastKnownFileType = sourcecode.swift; path = seguesProgramaticosUITests.swift; sourceTree = "<group>"; };
		EAAE574E20535E120068C1D4 /* Info.plist */ = {isa = PBXFileReference; lastKnownFileType = text.plist.xml; path = Info.plist; sourceTree = "<group>"; };
/* End PBXFileReference section */

/* Begin PBXFrameworksBuildPhase section */
		EAAE572620535E120068C1D4 /* Frameworks */ = {
			isa = PBXFrameworksBuildPhase;
			buildActionMask = 2147483647;
			files = (
			);
			runOnlyForDeploymentPostprocessing = 0;
		};
		EAAE573A20535E120068C1D4 /* Frameworks */ = {
			isa = PBXFrameworksBuildPhase;
			buildActionMask = 2147483647;
			files = (
			);
			runOnlyForDeploymentPostprocessing = 0;
		};
		EAAE574520535E120068C1D4 /* Frameworks */ = {
			isa = PBXFrameworksBuildPhase;
			buildActionMask = 2147483647;
			files = (
			);
			runOnlyForDeploymentPostprocessing = 0;
		};
/* End PBXFrameworksBuildPhase section */

/* Begin PBXGroup section */
		EAAE572020535E120068C1D4 = {
			isa = PBXGroup;
			children = (
				EAAE572B20535E120068C1D4 /* seguesProgramaticos */,
				EAAE574020535E120068C1D4 /* seguesProgramaticosTests */,
				EAAE574B20535E120068C1D4 /* seguesProgramaticosUITests */,
				EAAE572A20535E120068C1D4 /* Products */,
			);
			sourceTree = "<group>";
		};
		EAAE572A20535E120068C1D4 /* Products */ = {
			isa = PBXGroup;
			children = (
				EAAE572920535E120068C1D4 /* seguesProgramaticos.app */,
				EAAE573D20535E120068C1D4 /* seguesProgramaticosTests.xctest */,
				EAAE574820535E120068C1D4 /* seguesProgramaticosUITests.xctest */,
			);
			name = Products;
			sourceTree = "<group>";
		};
		EAAE572B20535E120068C1D4 /* seguesProgramaticos */ = {
			isa = PBXGroup;
			children = (
				EAAE572C20535E120068C1D4 /* AppDelegate.swift */,
				EAAE572E20535E120068C1D4 /* ViewController.swift */,
				EAAE573020535E120068C1D4 /* Main.storyboard */,
				EAAE573320535E120068C1D4 /* Assets.xcassets */,
				EAAE573520535E120068C1D4 /* LaunchScreen.storyboard */,
				EAAE573820535E120068C1D4 /* Info.plist */,
			);
			path = seguesProgramaticos;
			sourceTree = "<group>";
		};
		EAAE574020535E120068C1D4 /* seguesProgramaticosTests */ = {
			isa = PBXGroup;
			children = (
				EAAE574120535E120068C1D4 /* seguesProgramaticosTests.swift */,
				EAAE574320535E120068C1D4 /* Info.plist */,
			);
			path = seguesProgramaticosTests;
			sourceTree = "<group>";
		};
		EAAE574B20535E120068C1D4 /* seguesProgramaticosUITests */ = {
			isa = PBXGroup;
			children = (
				EAAE574C20535E120068C1D4 /* seguesProgramaticosUITests.swift */,
				EAAE574E20535E120068C1D4 /* Info.plist */,
			);
			path = seguesProgramaticosUITests;
			sourceTree = "<group>";
		};
/* End PBXGroup section */

/* Begin PBXNativeTarget section */
		EAAE572820535E120068C1D4 /* seguesProgramaticos */ = {
			isa = PBXNativeTarget;
			buildConfigurationList = EAAE575120535E120068C1D4 /* Build configuration list for PBXNativeTarget "seguesProgramaticos" */;
			buildPhases = (
				EAAE572520535E120068C1D4 /* Sources */,
				EAAE572620535E120068C1D4 /* Frameworks */,
				EAAE572720535E120068C1D4 /* Resources */,
			);
			buildRules = (
			);
			dependencies = (
			);
			name = seguesProgramaticos;
			productName = seguesProgramaticos;
			productReference = EAAE572920535E120068C1D4 /* seguesProgramaticos.app */;
			productType = "com.apple.product-type.application";
		};
		EAAE573C20535E120068C1D4 /* seguesProgramaticosTests */ = {
			isa = PBXNativeTarget;
			buildConfigurationList = EAAE575420535E120068C1D4 /* Build configuration list for PBXNativeTarget "seguesProgramaticosTests" */;
			buildPhases = (
				EAAE573920535E120068C1D4 /* Sources */,
				EAAE573A20535E120068C1D4 /* Frameworks */,
				EAAE573B20535E120068C1D4 /* Resources */,
			);
			buildRules = (
			);
			dependencies = (
				EAAE573F20535E120068C1D4 /* PBXTargetDependency */,
			);
			name = seguesProgramaticosTests;
			productName = seguesProgramaticosTests;
			productReference = EAAE573D20535E120068C1D4 /* seguesProgramaticosTests.xctest */;
			productType = "com.apple.product-type.bundle.unit-test";
		};
		EAAE574720535E120068C1D4 /* seguesProgramaticosUITests */ = {
			isa = PBXNativeTarget;
			buildConfigurationList = EAAE575720535E120068C1D4 /* Build configuration list for PBXNativeTarget "seguesProgramaticosUITests" */;
			buildPhases = (
				EAAE574420535E120068C1D4 /* Sources */,
				EAAE574520535E120068C1D4 /* Frameworks */,
				EAAE574620535E120068C1D4 /* Resources */,
			);
			buildRules = (
			);
			dependencies = (
				EAAE574A20535E120068C1D4 /* PBXTargetDependency */,
			);
			name = seguesProgramaticosUITests;
			productName = seguesProgramaticosUITests;
			productReference = EAAE574820535E120068C1D4 /* seguesProgramaticosUITests.xctest */;
			productType = "com.apple.product-type.bundle.ui-testing";
		};
/* End PBXNativeTarget section */

/* Begin PBXProject section */
		EAAE572120535E120068C1D4 /* Project object */ = {
			isa = PBXProject;
			attributes = {
				LastSwiftUpdateCheck = 0920;
				LastUpgradeCheck = 0920;
				ORGANIZATIONNAME = Margaro;
				TargetAttributes = {
					EAAE572820535E120068C1D4 = {
						CreatedOnToolsVersion = 9.2;
						ProvisioningStyle = Automatic;
					};
					EAAE573C20535E120068C1D4 = {
						CreatedOnToolsVersion = 9.2;
						ProvisioningStyle = Automatic;
						TestTargetID = EAAE572820535E120068C1D4;
					};
					EAAE574720535E120068C1D4 = {
						CreatedOnToolsVersion = 9.2;
						ProvisioningStyle = Automatic;
						TestTargetID = EAAE572820535E120068C1D4;
					};
				};
			};
			buildConfigurationList = EAAE572420535E120068C1D4 /* Build configuration list for PBXProject "seguesProgramaticos" */;
			compatibilityVersion = "Xcode 8.0";
			developmentRegion = en;
			hasScannedForEncodings = 0;
			knownRegions = (
				en,
				Base,
			);
			mainGroup = EAAE572020535E120068C1D4;
			productRefGroup = EAAE572A20535E120068C1D4 /* Products */;
			projectDirPath = "";
			projectRoot = "";
			targets = (
				EAAE572820535E120068C1D4 /* seguesProgramaticos */,
				EAAE573C20535E120068C1D4 /* seguesProgramaticosTests */,
				EAAE574720535E120068C1D4 /* seguesProgramaticosUITests */,
			);
		};
/* End PBXProject section */

/* Begin PBXResourcesBuildPhase section */
		EAAE572720535E120068C1D4 /* Resources */ = {
			isa = PBXResourcesBuildPhase;
			buildActionMask = 2147483647;
			files = (
				EAAE573720535E120068C1D4 /* LaunchScreen.storyboard in Resources */,
				EAAE573420535E120068C1D4 /* Assets.xcassets in Resources */,
				EAAE573220535E120068C1D4 /* Main.storyboard in Resources */,
			);
			runOnlyForDeploymentPostprocessing = 0;
		};
		EAAE573B20535E120068C1D4 /* Resources */ = {
			isa = PBXResourcesBuildPhase;
			buildActionMask = 2147483647;
			files = (
			);
			runOnlyForDeploymentPostprocessing = 0;
		};
		EAAE574620535E120068C1D4 /* Resources */ = {
			isa = PBXResourcesBuildPhase;
			buildActionMask = 2147483647;
			files = (
			);
			runOnlyForDeploymentPostprocessing = 0;
		};
/* End PBXResourcesBuildPhase section */

/* Begin PBXSourcesBuildPhase section */
		EAAE572520535E120068C1D4 /* Sources */ = {
			isa = PBXSourcesBuildPhase;
			buildActionMask = 2147483647;
			files = (
				EAAE572F20535E120068C1D4 /* ViewController.swift in Sources */,
				EAAE572D20535E120068C1D4 /* AppDelegate.swift in Sources */,
			);
			runOnlyForDeploymentPostprocessing = 0;
		};
		EAAE573920535E120068C1D4 /* Sources */ = {
			isa = PBXSourcesBuildPhase;
			buildActionMask = 2147483647;
			files = (
				EAAE574220535E120068C1D4 /* seguesProgramaticosTests.swift in Sources */,
			);
			runOnlyForDeploymentPostprocessing = 0;
		};
		EAAE574420535E120068C1D4 /* Sources */ = {
			isa = PBXSourcesBuildPhase;
			buildActionMask = 2147483647;
			files = (
				EAAE574D20535E120068C1D4 /* seguesProgramaticosUITests.swift in Sources */,
			);
			runOnlyForDeploymentPostprocessing = 0;
		};
/* End PBXSourcesBuildPhase section */

/* Begin PBXTargetDependency section */
		EAAE573F20535E120068C1D4 /* PBXTargetDependency */ = {
			isa = PBXTargetDependency;
			target = EAAE572820535E120068C1D4 /* seguesProgramaticos */;
			targetProxy = EAAE573E20535E120068C1D4 /* PBXContainerItemProxy */;
		};
		EAAE574A20535E120068C1D4 /* PBXTargetDependency */ = {
			isa = PBXTargetDependency;
			target = EAAE572820535E120068C1D4 /* seguesProgramaticos */;
			targetProxy = EAAE574920535E120068C1D4 /* PBXContainerItemProxy */;
		};
/* End PBXTargetDependency section */

/* Begin PBXVariantGroup section */
		EAAE573020535E120068C1D4 /* Main.storyboard */ = {
			isa = PBXVariantGroup;
			children = (
				EAAE573120535E120068C1D4 /* Base */,
			);
			name = Main.storyboard;
			sourceTree = "<group>";
		};
		EAAE573520535E120068C1D4 /* LaunchScreen.storyboard */ = {
			isa = PBXVariantGroup;
			children = (
				EAAE573620535E120068C1D4 /* Base */,
			);
			name = LaunchScreen.storyboard;
			sourceTree = "<group>";
		};
/* End PBXVariantGroup section */

/* Begin XCBuildConfiguration section */
		EAAE574F20535E120068C1D4 /* Debug */ = {
			isa = XCBuildConfiguration;
			buildSettings = {
				ALWAYS_SEARCH_USER_PATHS = NO;
				CLANG_ANALYZER_NONNULL = YES;
				CLANG_ANALYZER_NUMBER_OBJECT_CONVERSION = YES_AGGRESSIVE;
				CLANG_CXX_LANGUAGE_STANDARD = "gnu++14";
				CLANG_CXX_LIBRARY = "libc++";
				CLANG_ENABLE_MODULES = YES;
				CLANG_ENABLE_OBJC_ARC = YES;
				CLANG_WARN_BLOCK_CAPTURE_AUTORELEASING = YES;
				CLANG_WARN_BOOL_CONVERSION = YES;
				CLANG_WARN_COMMA = YES;
				CLANG_WARN_CONSTANT_CONVERSION = YES;
				CLANG_WARN_DIRECT_OBJC_ISA_USAGE = YES_ERROR;
				CLANG_WARN_DOCUMENTATION_COMMENTS = YES;
				CLANG_WARN_EMPTY_BODY = YES;
				CLANG_WARN_ENUM_CONVERSION = YES;
				CLANG_WARN_INFINITE_RECURSION = YES;
				CLANG_WARN_INT_CONVERSION = YES;
				CLANG_WARN_NON_LITERAL_NULL_CONVERSION = YES;
				CLANG_WARN_OBJC_LITERAL_CONVERSION = YES;
				CLANG_WARN_OBJC_ROOT_CLASS = YES_ERROR;
				CLANG_WARN_RANGE_LOOP_ANALYSIS = YES;
				CLANG_WARN_STRICT_PROTOTYPES = YES;
				CLANG_WARN_SUSPICIOUS_MOVE = YES;
				CLANG_WARN_UNGUARDED_AVAILABILITY = YES_AGGRESSIVE;
				CLANG_WARN_UNREACHABLE_CODE = YES;
				CLANG_WARN__DUPLICATE_METHOD_MATCH = YES;
				CODE_SIGN_IDENTITY = "iPhone Developer";
				COPY_PHASE_STRIP = NO;
				DEBUG_INFORMATION_FORMAT = dwarf;
				ENABLE_STRICT_OBJC_MSGSEND = YES;
				ENABLE_TESTABILITY = YES;
				GCC_C_LANGUAGE_STANDARD = gnu11;
				GCC_DYNAMIC_NO_PIC = NO;
				GCC_NO_COMMON_BLOCKS = YES;
				GCC_OPTIMIZATION_LEVEL = 0;
				GCC_PREPROCESSOR_DEFINITIONS = (
					"DEBUG=1",
					"$(inherited)",
				);
				GCC_WARN_64_TO_32_BIT_CONVERSION = YES;
				GCC_WARN_ABOUT_RETURN_TYPE = YES_ERROR;
				GCC_WARN_UNDECLARED_SELECTOR = YES;
				GCC_WARN_UNINITIALIZED_AUTOS = YES_AGGRESSIVE;
				GCC_WARN_UNUSED_FUNCTION = YES;
				GCC_WARN_UNUSED_VARIABLE = YES;
				IPHONEOS_DEPLOYMENT_TARGET = 11.2;
				MTL_ENABLE_DEBUG_INFO = YES;
				ONLY_ACTIVE_ARCH = YES;
				SDKROOT = iphoneos;
				SWIFT_ACTIVE_COMPILATION_CONDITIONS = DEBUG;
				SWIFT_OPTIMIZATION_LEVEL = "-Onone";
			};
			name = Debug;
		};
		EAAE575020535E120068C1D4 /* Release */ = {
			isa = XCBuildConfiguration;
			buildSettings = {
				ALWAYS_SEARCH_USER_PATHS = NO;
				CLANG_ANALYZER_NONNULL = YES;
				CLANG_ANALYZER_NUMBER_OBJECT_CONVERSION = YES_AGGRESSIVE;
				CLANG_CXX_LANGUAGE_STANDARD = "gnu++14";
				CLANG_CXX_LIBRARY = "libc++";
				CLANG_ENABLE_MODULES = YES;
				CLANG_ENABLE_OBJC_ARC = YES;
				CLANG_WARN_BLOCK_CAPTURE_AUTORELEASING = YES;
				CLANG_WARN_BOOL_CONVERSION = YES;
				CLANG_WARN_COMMA = YES;
				CLANG_WARN_CONSTANT_CONVERSION = YES;
				CLANG_WARN_DIRECT_OBJC_ISA_USAGE = YES_ERROR;
				CLANG_WARN_DOCUMENTATION_COMMENTS = YES;
				CLANG_WARN_EMPTY_BODY = YES;
				CLANG_WARN_ENUM_CONVERSION = YES;
				CLANG_WARN_INFINITE_RECURSION = YES;
				CLANG_WARN_INT_CONVERSION = YES;
				CLANG_WARN_NON_LITERAL_NULL_CONVERSION = YES;
				CLANG_WARN_OBJC_LITERAL_CONVERSION = YES;
				CLANG_WARN_OBJC_ROOT_CLASS = YES_ERROR;
				CLANG_WARN_RANGE_LOOP_ANALYSIS = YES;
				CLANG_WARN_STRICT_PROTOTYPES = YES;
				CLANG_WARN_SUSPICIOUS_MOVE = YES;
				CLANG_WARN_UNGUARDED_AVAILABILITY = YES_AGGRESSIVE;
				CLANG_WARN_UNREACHABLE_CODE = YES;
				CLANG_WARN__DUPLICATE_METHOD_MATCH = YES;
				CODE_SIGN_IDENTITY = "iPhone Developer";
				COPY_PHASE_STRIP = NO;
				DEBUG_INFORMATION_FORMAT = "dwarf-with-dsym";
				ENABLE_NS_ASSERTIONS = NO;
				ENABLE_STRICT_OBJC_MSGSEND = YES;
				GCC_C_LANGUAGE_STANDARD = gnu11;
				GCC_NO_COMMON_BLOCKS = YES;
				GCC_WARN_64_TO_32_BIT_CONVERSION = YES;
				GCC_WARN_ABOUT_RETURN_TYPE = YES_ERROR;
				GCC_WARN_UNDECLARED_SELECTOR = YES;
				GCC_WARN_UNINITIALIZED_AUTOS = YES_AGGRESSIVE;
				GCC_WARN_UNUSED_FUNCTION = YES;
				GCC_WARN_UNUSED_VARIABLE = YES;
				IPHONEOS_DEPLOYMENT_TARGET = 11.2;
				MTL_ENABLE_DEBUG_INFO = NO;
				SDKROOT = iphoneos;
				SWIFT_OPTIMIZATION_LEVEL = "-Owholemodule";
				VALIDATE_PRODUCT = YES;
			};
			name = Release;
		};
		EAAE575220535E120068C1D4 /* Debug */ = {
			isa = XCBuildConfiguration;
			buildSettings = {
				ASSETCATALOG_COMPILER_APPICON_NAME = AppIcon;
				CODE_SIGN_STYLE = Automatic;
				DEVELOPMENT_TEAM = 35KQ284J6K;
				INFOPLIST_FILE = seguesProgramaticos/Info.plist;
				LD_RUNPATH_SEARCH_PATHS = "$(inherited) @executable_path/Frameworks";
				PRODUCT_BUNDLE_IDENTIFIER = com.onemargaro.seguesProgramaticos;
				PRODUCT_NAME = "$(TARGET_NAME)";
				SWIFT_VERSION = 4.0;
				TARGETED_DEVICE_FAMILY = "1,2";
			};
			name = Debug;
		};
		EAAE575320535E120068C1D4 /* Release */ = {
			isa = XCBuildConfiguration;
			buildSettings = {
				ASSETCATALOG_COMPILER_APPICON_NAME = AppIcon;
				CODE_SIGN_STYLE = Automatic;
				DEVELOPMENT_TEAM = 35KQ284J6K;
				INFOPLIST_FILE = seguesProgramaticos/Info.plist;
				LD_RUNPATH_SEARCH_PATHS = "$(inherited) @executable_path/Frameworks";
				PRODUCT_BUNDLE_IDENTIFIER = com.onemargaro.seguesProgramaticos;
				PRODUCT_NAME = "$(TARGET_NAME)";
				SWIFT_VERSION = 4.0;
				TARGETED_DEVICE_FAMILY = "1,2";
			};
			name = Release;
		};
		EAAE575520535E120068C1D4 /* Debug */ = {
			isa = XCBuildConfiguration;
			buildSettings = {
				ALWAYS_EMBED_SWIFT_STANDARD_LIBRARIES = YES;
				BUNDLE_LOADER = "$(TEST_HOST)";
				CODE_SIGN_STYLE = Automatic;
				DEVELOPMENT_TEAM = 35KQ284J6K;
				INFOPLIST_FILE = seguesProgramaticosTests/Info.plist;
				LD_RUNPATH_SEARCH_PATHS = "$(inherited) @executable_path/Frameworks @loader_path/Frameworks";
				PRODUCT_BUNDLE_IDENTIFIER = com.onemargaro.seguesProgramaticosTests;
				PRODUCT_NAME = "$(TARGET_NAME)";
				SWIFT_VERSION = 4.0;
				TARGETED_DEVICE_FAMILY = "1,2";
				TEST_HOST = "$(BUILT_PRODUCTS_DIR)/seguesProgramaticos.app/seguesProgramaticos";
			};
			name = Debug;
		};
		EAAE575620535E120068C1D4 /* Release */ = {
			isa = XCBuildConfiguration;
			buildSettings = {
				ALWAYS_EMBED_SWIFT_STANDARD_LIBRARIES = YES;
				BUNDLE_LOADER = "$(TEST_HOST)";
				CODE_SIGN_STYLE = Automatic;
				DEVELOPMENT_TEAM = 35KQ284J6K;
				INFOPLIST_FILE = seguesProgramaticosTests/Info.plist;
				LD_RUNPATH_SEARCH_PATHS = "$(inherited) @executable_path/Frameworks @loader_path/Frameworks";
				PRODUCT_BUNDLE_IDENTIFIER = com.onemargaro.seguesProgramaticosTests;
				PRODUCT_NAME = "$(TARGET_NAME)";
				SWIFT_VERSION = 4.0;
				TARGETED_DEVICE_FAMILY = "1,2";
				TEST_HOST = "$(BUILT_PRODUCTS_DIR)/seguesProgramaticos.app/seguesProgramaticos";
			};
			name = Release;
		};
		EAAE575820535E120068C1D4 /* Debug */ = {
			isa = XCBuildConfiguration;
			buildSettings = {
				ALWAYS_EMBED_SWIFT_STANDARD_LIBRARIES = YES;
				CODE_SIGN_STYLE = Automatic;
				DEVELOPMENT_TEAM = 35KQ284J6K;
				INFOPLIST_FILE = seguesProgramaticosUITests/Info.plist;
				LD_RUNPATH_SEARCH_PATHS = "$(inherited) @executable_path/Frameworks @loader_path/Frameworks";
				PRODUCT_BUNDLE_IDENTIFIER = com.onemargaro.seguesProgramaticosUITests;
				PRODUCT_NAME = "$(TARGET_NAME)";
				SWIFT_VERSION = 4.0;
				TARGETED_DEVICE_FAMILY = "1,2";
				TEST_TARGET_NAME = seguesProgramaticos;
			};
			name = Debug;
		};
		EAAE575920535E120068C1D4 /* Release */ = {
			isa = XCBuildConfiguration;
			buildSettings = {
				ALWAYS_EMBED_SWIFT_STANDARD_LIBRARIES = YES;
				CODE_SIGN_STYLE = Automatic;
				DEVELOPMENT_TEAM = 35KQ284J6K;
				INFOPLIST_FILE = seguesProgramaticosUITests/Info.plist;
				LD_RUNPATH_SEARCH_PATHS = "$(inherited) @executable_path/Frameworks @loader_path/Frameworks";
				PRODUCT_BUNDLE_IDENTIFIER = com.onemargaro.seguesProgramaticosUITests;
				PRODUCT_NAME = "$(TARGET_NAME)";
				SWIFT_VERSION = 4.0;
				TARGETED_DEVICE_FAMILY = "1,2";
				TEST_TARGET_NAME = seguesProgramaticos;
			};
			name = Release;
		};
/* End XCBuildConfiguration section */

/* Begin XCConfigurationList section */
		EAAE572420535E120068C1D4 /* Build configuration list for PBXProject "seguesProgramaticos" */ = {
			isa = XCConfigurationList;
			buildConfigurations = (
				EAAE574F20535E120068C1D4 /* Debug */,
				EAAE575020535E120068C1D4 /* Release */,
			);
			defaultConfigurationIsVisible = 0;
			defaultConfigurationName = Release;
		};
		EAAE575120535E120068C1D4 /* Build configuration list for PBXNativeTarget "seguesProgramaticos" */ = {
			isa = XCConfigurationList;
			buildConfigurations = (
				EAAE575220535E120068C1D4 /* Debug */,
				EAAE575320535E120068C1D4 /* Release */,
			);
			defaultConfigurationIsVisible = 0;
			defaultConfigurationName = Release;
		};
		EAAE575420535E120068C1D4 /* Build configuration list for PBXNativeTarget "seguesProgramaticosTests" */ = {
			isa = XCConfigurationList;
			buildConfigurations = (
				EAAE575520535E120068C1D4 /* Debug */,
				EAAE575620535E120068C1D4 /* Release */,
			);
			defaultConfigurationIsVisible = 0;
			defaultConfigurationName = Release;
		};
		EAAE575720535E120068C1D4 /* Build configuration list for PBXNativeTarget "seguesProgramaticosUITests" */ = {
			isa = XCConfigurationList;
			buildConfigurations = (
				EAAE575820535E120068C1D4 /* Debug */,
				EAAE575920535E120068C1D4 /* Release */,
			);
			defaultConfigurationIsVisible = 0;
			defaultConfigurationName = Release;
		};
/* End XCConfigurationList section */
	};
	rootObject = EAAE572120535E120068C1D4 /* Project object */;
}
